{
  "version": 4,
  "terraform_version": "1.12.2",
  "serial": 71,
  "lineage": "17aaa8b9-2273-b287-5668-dafb7704bd24",
  "outputs": {
    "cloudsql_instance_connection_name": {
      "value": "smcghee-todo-p15n-38a6:us-central1:todo-app-db-instance",
      "type": "string"
    },
    "cluster_name": {
      "value": "todo-app-cluster",
      "type": "string"
    },
    "github_actions_deployer_email": {
      "value": "github-actions-deployer@smcghee-todo-p15n-38a6.iam.gserviceaccount.com",
      "type": "string"
    },
    "kubeconfig": {
      "value": "LS0tLS1CRUdJTiBDRVJUSUZJQ0FURS0tLS0tCk1JSUVMRENDQXBTZ0F3SUJBZ0lRRGtqMWo4THZFaDRzUzhQcFpVZUxjekFOQmdrcWhraUc5dzBCQVFzRkFEQXYKTVMwd0t3WURWUVFERXlRMFpUVTVPV00zWVMxa1lUZGxMVFEzWmpFdE9URTNOUzB4WXpNek56QTVNV0l6TjJJdwpJQmNOTWpVeE1USXdNREF4TXpVMVdoZ1BNakExTlRFeE1UTXdNVEV6TlRWYU1DOHhMVEFyQmdOVkJBTVRKRFJsCk5UazVZemRoTFdSaE4yVXRORGRtTVMwNU1UYzFMVEZqTXpNM01Ea3hZak0zWWpDQ0FhSXdEUVlKS29aSWh2Y04KQVFFQkJRQURnZ0dQQURDQ0FZb0NnZ0dCQUo2ZkJ4cnhOKzlkT2dWR3FTS2pUdlZyT0x1VlhQaE9BcHlnOEJtSwp3MHhhWUhzajVQOVkvdWdzVnRBVHV2ODE2Qkl3Y1NBQXpEMXY1NFQzWW5WTmpLOGlYZ1JLV1ZnZ1lBWWIrMFNwCmpORVFURUZ4b0Y3aUxNOXBlYkdGNC9PWlFqOVNzRXNjdzNHYzlGcm1BeDgvVVBkcjdEQ09OaGRibjRRWE5ucEoKNUZUbnFIRnJDNzRoTm9RdjhNVEdzREdQVlNIbnhjcTYyOUxHcnVZbGFiVGw1WHBvdStSbWZ4VGZYbGpleTA1MAp4Z0J5Q1JlSGExUDYrd0h0RDlqaTVTNzVmVzBXWjhzOGpUTDlheHVjSDJMV0drM3VaaEJRanhuVWxNMm1WOHJmCjVSUUxHT2NlR1NZN1RWbVBEbVZsZ1BjQ0ZhRmp4NStaUkZNOVBpazhYNVdUOXQ3dXFldzdTUko0WGxZbjBoWUoKT0o0dE9TYWo1WXp6bmV0NFZIYndMZVk1K000bnlSZEZRbWZDTnpET2FzbFFnTHpDWnBFN0VLNFkwU2kyaUg3TQpJTm1kVTJzcVRTM1BhMU04cDdTMHQ3Sjg3RWxCeUdwSGdPRDJodWdFanExMnFvRXl3MTNDbjl2RE5NaUt3dE9FCmI4V250cHAxd1d1bkVEQUNHaVJwdFZaYjF3SURBUUFCbzBJd1FEQU9CZ05WSFE4QkFmOEVCQU1DQWdRd0R3WUQKVlIwVEFRSC9CQVV3QXdFQi96QWRCZ05WSFE0RUZnUVU4d2UvbzBSV0Q0RExqMmlJK0l5ZElONDN3MXN3RFFZSgpLb1pJaHZjTkFRRUxCUUFEZ2dHQkFHOU1ZT24xNnQwdnVhSUxBQXUreW9XVXQ1Q2xFSEtBMnFCNUl0UDZ3S1I4CnlFYXJNRlpKNktjc2RLNG1CSm83TzFyWDE1VUdZQnpjRG1nMkpZdHNNNFNBZ0VwMHo3VXpxR1p4eG9ETE15OTUKUmtkN1VOVTJ5czNJRWVKaDU0SFk0V0hxaGViVE0zY1hXV21vV0RsSVlOdXBQRzlPQVV1YkFuUytra1ZmS3hKdwp4ZzlSSGxyUFU4L3NCOVhsR2MwMmNLMnpkOVFrR2tOcG1IdnJSWDFWZFI3clNqR1Nsd2JtMnRGT0NjYnlyZEUwCnhEczFpd1FUOEtYaVh3Zko4RVBxNmVpSzh0NHQ5RkVyODN4eHRVeFZGcWRvRGFucWpYK05NcERJV2xEa1VDSVEKb3V3NkNvQWZIZFlCZ3dMR1E3aVd3SE1HUmZ5RlRWK01YVk1YU2hQbWJyOXR4T1k1MlVpVi9xMDBVWUQzakRLQwp6YmlRYWduZkoxUmRDdDVQbVRoQ1FiVFVlMTJZOXNERm5NRjlQNmxMc1JjQThSYTJwZHB2VDhjaGdkaUJmRDV1CkNKTXRpNGlTR2YwKytHQVhrOGdiTmhlMGQwbzRHamNlTXFVQVpINGl0TGRudEFSUVpUQTZxQXN6WXQ2TWRtSWYKcDlDR0h5TXJVMGFEMmpUK25jZ040Zz09Ci0tLS0tRU5EIENFUlRJRklDQVRFLS0tLS0K",
      "type": "string",
      "sensitive": true
    },
    "region": {
      "value": "us-central1",
      "type": "string"
    }
  },
  "resources": [
    {
      "mode": "managed",
      "type": "google_artifact_registry_repository",
      "name": "my-repo",
      "provider": "provider[\"registry.terraform.io/hashicorp/google\"]",
      "instances": [
        {
          "schema_version": 0,
          "attributes": {
            "cleanup_policies": [],
            "cleanup_policy_dry_run": false,
            "create_time": "2025-11-20T16:58:00.367964Z",
            "description": "Docker repository for todo-app-go",
            "docker_config": [],
            "effective_labels": {
              "goog-terraform-provisioned": "true"
            },
            "format": "DOCKER",
            "id": "projects/smcghee-todo-p15n-38a6/locations/us-central1/repositories/todo-app-go",
            "kms_key_name": "",
            "labels": {},
            "location": "us-central1",
            "maven_config": [],
            "mode": "STANDARD_REPOSITORY",
            "name": "todo-app-go",
            "project": "smcghee-todo-p15n-38a6",
            "registry_uri": "us-central1-docker.pkg.dev/smcghee-todo-p15n-38a6/todo-app-go",
            "remote_repository_config": [],
            "repository_id": "todo-app-go",
            "terraform_labels": {
              "goog-terraform-provisioned": "true"
            },
            "timeouts": null,
            "update_time": "2025-11-21T19:13:47.644413Z",
            "virtual_repository_config": [],
            "vulnerability_scanning_config": [
              {
                "enablement_config": "",
                "enablement_state": "SCANNING_DISABLED",
                "enablement_state_reason": "API containerscanning.googleapis.com is not enabled."
              }
            ]
          },
          "sensitive_attributes": [],
          "identity_schema_version": 0,
          "private": "eyJlMmJmYjczMC1lY2FhLTExZTYtOGY4OC0zNDM2M2JjN2M0YzAiOnsiY3JlYXRlIjoxMjAwMDAwMDAwMDAwLCJkZWxldGUiOjEyMDAwMDAwMDAwMDAsInVwZGF0ZSI6MTIwMDAwMDAwMDAwMH19"
        }
      ]
    },
    {
      "mode": "managed",
      "type": "google_compute_network",
      "name": "main",
      "provider": "provider[\"registry.terraform.io/hashicorp/google\"]",
      "instances": [
        {
          "schema_version": 0,
          "attributes": {
            "auto_create_subnetworks": false,
            "bgp_always_compare_med": false,
            "bgp_best_path_selection_mode": "LEGACY",
            "bgp_inter_region_cost": "",
            "delete_default_routes_on_create": false,
            "description": "",
            "enable_ula_internal_ipv6": false,
            "gateway_ipv4": "",
            "id": "projects/smcghee-todo-p15n-38a6/global/networks/smcghee-todo-p15n-38a6-vpc",
            "internal_ipv6_range": "",
            "mtu": 0,
            "name": "smcghee-todo-p15n-38a6-vpc",
            "network_firewall_policy_enforcement_order": "AFTER_CLASSIC_FIREWALL",
            "network_id": "8409764071384283835",
            "network_profile": "",
            "numeric_id": "8409764071384283835",
            "params": [],
            "project": "smcghee-todo-p15n-38a6",
            "routing_mode": "REGIONAL",
            "self_link": "https://www.googleapis.com/compute/v1/projects/smcghee-todo-p15n-38a6/global/networks/smcghee-todo-p15n-38a6-vpc",
            "timeouts": null
          },
          "sensitive_attributes": [],
          "identity_schema_version": 0,
          "private": "eyJlMmJmYjczMC1lY2FhLTExZTYtOGY4OC0zNDM2M2JjN2M0YzAiOnsiY3JlYXRlIjoxMjAwMDAwMDAwMDAwLCJkZWxldGUiOjEyMDAwMDAwMDAwMDAsInVwZGF0ZSI6MTIwMDAwMDAwMDAwMH19"
        }
      ]
    },
    {
      "mode": "managed",
      "type": "google_compute_subnetwork",
      "name": "private",
      "provider": "provider[\"registry.terraform.io/hashicorp/google\"]",
      "instances": [
        {
          "schema_version": 0,
          "attributes": {
            "creation_timestamp": "2025-11-19T14:27:45.401-08:00",
            "description": "",
            "external_ipv6_prefix": "",
            "fingerprint": null,
            "gateway_address": "10.0.0.1",
            "id": "projects/smcghee-todo-p15n-38a6/regions/us-central1/subnetworks/smcghee-todo-p15n-38a6-subnet",
            "internal_ipv6_prefix": "",
            "ip_cidr_range": "10.0.0.0/20",
            "ip_collection": null,
            "ipv6_access_type": "",
            "ipv6_cidr_range": "",
            "ipv6_gce_endpoint": "",
            "log_config": [],
            "name": "smcghee-todo-p15n-38a6-subnet",
            "network": "https://www.googleapis.com/compute/v1/projects/smcghee-todo-p15n-38a6/global/networks/smcghee-todo-p15n-38a6-vpc",
            "params": [],
            "private_ip_google_access": true,
            "private_ipv6_google_access": "DISABLE_GOOGLE_ACCESS",
            "project": "smcghee-todo-p15n-38a6",
            "purpose": "PRIVATE",
            "region": "us-central1",
            "reserved_internal_range": "",
            "role": "",
            "secondary_ip_range": [
              {
                "ip_cidr_range": "10.128.64.0/19",
                "range_name": "gke-todo-app-cluster-pods-b350e558",
                "reserved_internal_range": "https://networkconnectivity.googleapis.com/v1/projects/smcghee-todo-p15n-38a6/locations/global/internalRanges/gke-todo-app-cluster-pods-b350e558"
              }
            ],
            "self_link": "https://www.googleapis.com/compute/v1/projects/smcghee-todo-p15n-38a6/regions/us-central1/subnetworks/smcghee-todo-p15n-38a6-subnet",
            "send_secondary_ip_range_if_empty": null,
            "stack_type": "IPV4_ONLY",
            "state": "",
            "subnetwork_id": 4180077495144675982,
            "timeouts": null
          },
          "sensitive_attributes": [],
          "identity_schema_version": 0,
          "private": "eyJlMmJmYjczMC1lY2FhLTExZTYtOGY4OC0zNDM2M2JjN2M0YzAiOnsiY3JlYXRlIjoxMjAwMDAwMDAwMDAwLCJkZWxldGUiOjEyMDAwMDAwMDAwMDAsInVwZGF0ZSI6MTIwMDAwMDAwMDAwMH19",
          "dependencies": [
            "google_compute_network.main"
          ]
        }
      ]
    },
    {
      "mode": "managed",
      "type": "google_project_iam_member",
      "name": "artifact_writer",
      "provider": "provider[\"registry.terraform.io/hashicorp/google\"]",
      "instances": [
        {
          "schema_version": 0,
          "attributes": {
            "condition": [],
            "etag": "BwZECZhQuEg=",
            "id": "smcghee-todo-p15n-38a6/roles/artifactregistry.writer/serviceAccount:github-actions-deployer@smcghee-todo-p15n-38a6.iam.gserviceaccount.com",
            "member": "serviceAccount:github-actions-deployer@smcghee-todo-p15n-38a6.iam.gserviceaccount.com",
            "project": "smcghee-todo-p15n-38a6",
            "role": "roles/artifactregistry.writer"
          },
          "sensitive_attributes": [],
          "identity_schema_version": 0,
          "private": "bnVsbA==",
          "dependencies": [
            "google_service_account.github_actions_deployer"
          ]
        }
      ]
    },
    {
      "mode": "managed",
      "type": "google_project_iam_member",
      "name": "gke_developer",
      "provider": "provider[\"registry.terraform.io/hashicorp/google\"]",
      "instances": [
        {
          "schema_version": 0,
          "attributes": {
            "condition": [],
            "etag": "BwZECZhQuEg=",
            "id": "smcghee-todo-p15n-38a6/roles/container.developer/serviceAccount:github-actions-deployer@smcghee-todo-p15n-38a6.iam.gserviceaccount.com",
            "member": "serviceAccount:github-actions-deployer@smcghee-todo-p15n-38a6.iam.gserviceaccount.com",
            "project": "smcghee-todo-p15n-38a6",
            "role": "roles/container.developer"
          },
          "sensitive_attributes": [],
          "identity_schema_version": 0,
          "private": "bnVsbA==",
          "dependencies": [
            "google_service_account.github_actions_deployer"
          ]
        }
      ]
    },
    {
      "mode": "managed",
      "type": "google_project_iam_member",
      "name": "gke_node_artifact_reader",
      "provider": "provider[\"registry.terraform.io/hashicorp/google\"]",
      "instances": [
        {
          "schema_version": 0,
          "attributes": {
            "condition": [],
            "etag": "BwZECZhQuEg=",
            "id": "smcghee-todo-p15n-38a6/roles/artifactregistry.reader/serviceAccount:gke-node-sa@smcghee-todo-p15n-38a6.iam.gserviceaccount.com",
            "member": "serviceAccount:gke-node-sa@smcghee-todo-p15n-38a6.iam.gserviceaccount.com",
            "project": "smcghee-todo-p15n-38a6",
            "role": "roles/artifactregistry.reader"
          },
          "sensitive_attributes": [],
          "identity_schema_version": 0,
          "private": "bnVsbA==",
          "dependencies": [
            "google_service_account.gke_node"
          ]
        }
      ]
    },
    {
      "mode": "managed",
      "type": "google_project_iam_member",
      "name": "gke_node_logging_writer",
      "provider": "provider[\"registry.terraform.io/hashicorp/google\"]",
      "instances": [
        {
          "schema_version": 0,
          "attributes": {
            "condition": [],
            "etag": "BwZECZhQuEg=",
            "id": "smcghee-todo-p15n-38a6/roles/logging.logWriter/serviceAccount:gke-node-sa@smcghee-todo-p15n-38a6.iam.gserviceaccount.com",
            "member": "serviceAccount:gke-node-sa@smcghee-todo-p15n-38a6.iam.gserviceaccount.com",
            "project": "smcghee-todo-p15n-38a6",
            "role": "roles/logging.logWriter"
          },
          "sensitive_attributes": [],
          "identity_schema_version": 0,
          "private": "bnVsbA==",
          "dependencies": [
            "google_service_account.gke_node"
          ]
        }
      ]
    },
    {
      "mode": "managed",
      "type": "google_project_iam_member",
      "name": "gke_node_monitoring_writer",
      "provider": "provider[\"registry.terraform.io/hashicorp/google\"]",
      "instances": [
        {
          "schema_version": 0,
          "attributes": {
            "condition": [],
            "etag": "BwZECZhQuEg=",
            "id": "smcghee-todo-p15n-38a6/roles/monitoring.metricWriter/serviceAccount:gke-node-sa@smcghee-todo-p15n-38a6.iam.gserviceaccount.com",
            "member": "serviceAccount:gke-node-sa@smcghee-todo-p15n-38a6.iam.gserviceaccount.com",
            "project": "smcghee-todo-p15n-38a6",
            "role": "roles/monitoring.metricWriter"
          },
          "sensitive_attributes": [],
          "identity_schema_version": 0,
          "private": "bnVsbA==",
          "dependencies": [
            "google_service_account.gke_node"
          ]
        }
      ]
    },
    {
      "mode": "managed",
      "type": "google_project_iam_member",
      "name": "gke_node_sql_client",
      "provider": "provider[\"registry.terraform.io/hashicorp/google\"]",
      "instances": [
        {
          "schema_version": 0,
          "attributes": {
            "condition": [],
            "etag": "BwZECZhQuEg=",
            "id": "smcghee-todo-p15n-38a6/roles/cloudsql.client/serviceAccount:gke-node-sa@smcghee-todo-p15n-38a6.iam.gserviceaccount.com",
            "member": "serviceAccount:gke-node-sa@smcghee-todo-p15n-38a6.iam.gserviceaccount.com",
            "project": "smcghee-todo-p15n-38a6",
            "role": "roles/cloudsql.client"
          },
          "sensitive_attributes": [],
          "identity_schema_version": 0,
          "private": "bnVsbA==",
          "dependencies": [
            "google_service_account.gke_node"
          ]
        }
      ]
    },
    {
      "mode": "managed",
      "type": "google_project_service",
      "name": "artifactregistry_api",
      "provider": "provider[\"registry.terraform.io/hashicorp/google\"]",
      "instances": [
        {
          "schema_version": 0,
          "attributes": {
            "disable_dependent_services": null,
            "disable_on_destroy": false,
            "id": "smcghee-todo-p15n-38a6/artifactregistry.googleapis.com",
            "project": "smcghee-todo-p15n-38a6",
            "service": "artifactregistry.googleapis.com",
            "timeouts": null
          },
          "sensitive_attributes": [],
          "identity_schema_version": 0,
          "private": "eyJlMmJmYjczMC1lY2FhLTExZTYtOGY4OC0zNDM2M2JjN2M0YzAiOnsiY3JlYXRlIjoxMjAwMDAwMDAwMDAwLCJkZWxldGUiOjEyMDAwMDAwMDAwMDAsInJlYWQiOjYwMDAwMDAwMDAwMCwidXBkYXRlIjoxMjAwMDAwMDAwMDAwfX0="
        }
      ]
    },
    {
      "mode": "managed",
      "type": "google_project_service",
      "name": "cloudresourcemanager_api",
      "provider": "provider[\"registry.terraform.io/hashicorp/google\"]",
      "instances": [
        {
          "schema_version": 0,
          "attributes": {
            "disable_dependent_services": null,
            "disable_on_destroy": false,
            "id": "smcghee-todo-p15n-38a6/cloudresourcemanager.googleapis.com",
            "project": "smcghee-todo-p15n-38a6",
            "service": "cloudresourcemanager.googleapis.com",
            "timeouts": null
          },
          "sensitive_attributes": [],
          "identity_schema_version": 0,
          "private": "eyJlMmJmYjczMC1lY2FhLTExZTYtOGY4OC0zNDM2M2JjN2M0YzAiOnsiY3JlYXRlIjoxMjAwMDAwMDAwMDAwLCJkZWxldGUiOjEyMDAwMDAwMDAwMDAsInJlYWQiOjYwMDAwMDAwMDAwMCwidXBkYXRlIjoxMjAwMDAwMDAwMDAwfX0="
        }
      ]
    },
    {
      "mode": "managed",
      "type": "google_project_service",
      "name": "compute_api",
      "provider": "provider[\"registry.terraform.io/hashicorp/google\"]",
      "instances": [
        {
          "schema_version": 0,
          "attributes": {
            "disable_dependent_services": null,
            "disable_on_destroy": false,
            "id": "smcghee-todo-p15n-38a6/compute.googleapis.com",
            "project": "smcghee-todo-p15n-38a6",
            "service": "compute.googleapis.com",
            "timeouts": null
          },
          "sensitive_attributes": [],
          "identity_schema_version": 0,
          "private": "eyJlMmJmYjczMC1lY2FhLTExZTYtOGY4OC0zNDM2M2JjN2M0YzAiOnsiY3JlYXRlIjoxMjAwMDAwMDAwMDAwLCJkZWxldGUiOjEyMDAwMDAwMDAwMDAsInJlYWQiOjYwMDAwMDAwMDAwMCwidXBkYXRlIjoxMjAwMDAwMDAwMDAwfX0="
        }
      ]
    },
    {
      "mode": "managed",
      "type": "google_project_service",
      "name": "container_api",
      "provider": "provider[\"registry.terraform.io/hashicorp/google\"]",
      "instances": [
        {
          "schema_version": 0,
          "attributes": {
            "disable_dependent_services": null,
            "disable_on_destroy": false,
            "id": "smcghee-todo-p15n-38a6/container.googleapis.com",
            "project": "smcghee-todo-p15n-38a6",
            "service": "container.googleapis.com",
            "timeouts": null
          },
          "sensitive_attributes": [],
          "identity_schema_version": 0,
          "private": "eyJlMmJmYjczMC1lY2FhLTExZTYtOGY4OC0zNDM2M2JjN2M0YzAiOnsiY3JlYXRlIjoxMjAwMDAwMDAwMDAwLCJkZWxldGUiOjEyMDAwMDAwMDAwMDAsInJlYWQiOjYwMDAwMDAwMDAwMCwidXBkYXRlIjoxMjAwMDAwMDAwMDAwfX0="
        }
      ]
    },
    {
      "mode": "managed",
      "type": "google_project_service",
      "name": "iam_api",
      "provider": "provider[\"registry.terraform.io/hashicorp/google\"]",
      "instances": [
        {
          "schema_version": 0,
          "attributes": {
            "disable_dependent_services": null,
            "disable_on_destroy": false,
            "id": "smcghee-todo-p15n-38a6/iam.googleapis.com",
            "project": "smcghee-todo-p15n-38a6",
            "service": "iam.googleapis.com",
            "timeouts": null
          },
          "sensitive_attributes": [],
          "identity_schema_version": 0,
          "private": "eyJlMmJmYjczMC1lY2FhLTExZTYtOGY4OC0zNDM2M2JjN2M0YzAiOnsiY3JlYXRlIjoxMjAwMDAwMDAwMDAwLCJkZWxldGUiOjEyMDAwMDAwMDAwMDAsInJlYWQiOjYwMDAwMDAwMDAwMCwidXBkYXRlIjoxMjAwMDAwMDAwMDAwfX0="
        }
      ]
    },
    {
      "mode": "managed",
      "type": "google_project_service",
      "name": "logging_api",
      "provider": "provider[\"registry.terraform.io/hashicorp/google\"]",
      "instances": [
        {
          "schema_version": 0,
          "attributes": {
            "disable_dependent_services": null,
            "disable_on_destroy": false,
            "id": "smcghee-todo-p15n-38a6/logging.googleapis.com",
            "project": "smcghee-todo-p15n-38a6",
            "service": "logging.googleapis.com",
            "timeouts": null
          },
          "sensitive_attributes": [],
          "identity_schema_version": 0,
          "private": "eyJlMmJmYjczMC1lY2FhLTExZTYtOGY4OC0zNDM2M2JjN2M0YzAiOnsiY3JlYXRlIjoxMjAwMDAwMDAwMDAwLCJkZWxldGUiOjEyMDAwMDAwMDAwMDAsInJlYWQiOjYwMDAwMDAwMDAwMCwidXBkYXRlIjoxMjAwMDAwMDAwMDAwfX0="
        }
      ]
    },
    {
      "mode": "managed",
      "type": "google_project_service",
      "name": "sqladmin_api",
      "provider": "provider[\"registry.terraform.io/hashicorp/google\"]",
      "instances": [
        {
          "schema_version": 0,
          "attributes": {
            "disable_dependent_services": null,
            "disable_on_destroy": false,
            "id": "smcghee-todo-p15n-38a6/sqladmin.googleapis.com",
            "project": "smcghee-todo-p15n-38a6",
            "service": "sqladmin.googleapis.com",
            "timeouts": null
          },
          "sensitive_attributes": [],
          "identity_schema_version": 0,
          "private": "eyJlMmJmYjczMC1lY2FhLTExZTYtOGY4OC0zNDM2M2JjN2M0YzAiOnsiY3JlYXRlIjoxMjAwMDAwMDAwMDAwLCJkZWxldGUiOjEyMDAwMDAwMDAwMDAsInJlYWQiOjYwMDAwMDAwMDAwMCwidXBkYXRlIjoxMjAwMDAwMDAwMDAwfX0="
        }
      ]
    },
    {
      "mode": "managed",
      "type": "google_service_account",
      "name": "github_actions_deployer",
      "provider": "provider[\"registry.terraform.io/hashicorp/google\"]",
      "instances": [
        {
          "schema_version": 0,
          "attributes": {
            "account_id": "github-actions-deployer",
            "create_ignore_already_exists": null,
            "description": "",
            "disabled": false,
            "display_name": "GitHub Actions Deployer SA",
            "email": "github-actions-deployer@smcghee-todo-p15n-38a6.iam.gserviceaccount.com",
            "id": "projects/smcghee-todo-p15n-38a6/serviceAccounts/github-actions-deployer@smcghee-todo-p15n-38a6.iam.gserviceaccount.com",
            "member": "serviceAccount:github-actions-deployer@smcghee-todo-p15n-38a6.iam.gserviceaccount.com",
            "name": "projects/smcghee-todo-p15n-38a6/serviceAccounts/github-actions-deployer@smcghee-todo-p15n-38a6.iam.gserviceaccount.com",
            "project": "smcghee-todo-p15n-38a6",
            "timeouts": null,
            "unique_id": "113515954489938235761"
          },
          "sensitive_attributes": [],
          "identity_schema_version": 0,
          "private": "eyJlMmJmYjczMC1lY2FhLTExZTYtOGY4OC0zNDM2M2JjN2M0YzAiOnsiY3JlYXRlIjozMDAwMDAwMDAwMDB9fQ=="
        }
      ]
    },
    {
      "mode": "managed",
      "type": "google_service_account",
      "name": "gke_node",
      "provider": "provider[\"registry.terraform.io/hashicorp/google\"]",
      "instances": [
        {
          "schema_version": 0,
          "attributes": {
            "account_id": "gke-node-sa",
            "create_ignore_already_exists": null,
            "description": "",
            "disabled": false,
            "display_name": "GKE Node Service Account",
            "email": "gke-node-sa@smcghee-todo-p15n-38a6.iam.gserviceaccount.com",
            "id": "projects/smcghee-todo-p15n-38a6/serviceAccounts/gke-node-sa@smcghee-todo-p15n-38a6.iam.gserviceaccount.com",
            "member": "serviceAccount:gke-node-sa@smcghee-todo-p15n-38a6.iam.gserviceaccount.com",
            "name": "projects/smcghee-todo-p15n-38a6/serviceAccounts/gke-node-sa@smcghee-todo-p15n-38a6.iam.gserviceaccount.com",
            "project": "smcghee-todo-p15n-38a6",
            "timeouts": null,
            "unique_id": "118358846078770783988"
          },
          "sensitive_attributes": [],
          "identity_schema_version": 0,
          "private": "eyJlMmJmYjczMC1lY2FhLTExZTYtOGY4OC0zNDM2M2JjN2M0YzAiOnsiY3JlYXRlIjozMDAwMDAwMDAwMDB9fQ=="
        }
      ]
    },
    {
      "mode": "managed",
      "type": "google_sql_database",
      "name": "database",
      "provider": "provider[\"registry.terraform.io/hashicorp/google\"]",
      "instances": [
        {
          "schema_version": 0,
          "attributes": {
            "charset": "UTF8",
            "collation": "en_US.UTF8",
            "deletion_policy": "DELETE",
            "id": "projects/smcghee-todo-p15n-38a6/instances/todo-app-db-instance/databases/todoapp_db",
            "instance": "todo-app-db-instance",
            "name": "todoapp_db",
            "project": "smcghee-todo-p15n-38a6",
            "self_link": "https://sqladmin.googleapis.com/sql/v1beta4/projects/smcghee-todo-p15n-38a6/instances/todo-app-db-instance/databases/todoapp_db",
            "timeouts": null
          },
          "sensitive_attributes": [],
          "identity_schema_version": 0,
          "private": "eyJlMmJmYjczMC1lY2FhLTExZTYtOGY4OC0zNDM2M2JjN2M0YzAiOnsiY3JlYXRlIjoxMjAwMDAwMDAwMDAwLCJkZWxldGUiOjEyMDAwMDAwMDAwMDAsInVwZGF0ZSI6MTIwMDAwMDAwMDAwMH19",
          "dependencies": [
            "google_sql_database_instance.main_instance"
          ]
        }
      ]
    },
    {
      "mode": "managed",
      "type": "google_sql_database_instance",
      "name": "main_instance",
      "provider": "provider[\"registry.terraform.io/hashicorp/google\"]",
      "instances": [
        {
          "schema_version": 0,
          "attributes": {
            "available_maintenance_versions": [],
            "backupdr_backup": null,
            "clone": [],
            "connection_name": "smcghee-todo-p15n-38a6:us-central1:todo-app-db-instance",
            "database_version": "POSTGRES_14",
            "deletion_protection": true,
            "dns_name": "",
            "dns_names": [],
            "encryption_key_name": null,
            "final_backup_description": null,
            "first_ip_address": "136.111.204.68",
            "id": "todo-app-db-instance",
            "instance_type": "CLOUD_SQL_INSTANCE",
            "ip_address": [
              {
                "ip_address": "136.111.204.68",
                "time_to_retire": "",
                "type": "PRIMARY"
              }
            ],
            "maintenance_version": "POSTGRES_14_20.R20251004.01_19",
            "master_instance_name": "",
            "name": "todo-app-db-instance",
            "node_count": 0,
            "point_in_time_restore_context": [],
            "private_ip_address": "",
            "project": "smcghee-todo-p15n-38a6",
            "psc_service_attachment_link": "",
            "public_ip_address": "136.111.204.68",
            "region": "us-central1",
            "replica_configuration": [],
            "replica_names": [],
            "replication_cluster": [
              {
                "dr_replica": false,
                "failover_dr_replica_name": "",
                "psa_write_endpoint": ""
              }
            ],
            "restore_backup_context": [],
            "root_password": null,
            "self_link": "https://sqladmin.googleapis.com/sql/v1beta4/projects/smcghee-todo-p15n-38a6/instances/todo-app-db-instance",
            "server_ca_cert": [
              {
                "cert": "-----BEGIN CERTIFICATE-----\nMIIDfzCCAmegAwIBAgIBADANBgkqhkiG9w0BAQsFADB3MS0wKwYDVQQuEyQyM2Fi\nNWQxYi0yMjhlLTQyNDQtODQzYy1lZGNkZmU0MGZiYWUxIzAhBgNVBAMTGkdvb2ds\nZSBDbG91ZCBTUUwgU2VydmVyIENBMRQwEgYDVQQKEwtHb29nbGUsIEluYzELMAkG\nA1UEBhMCVVMwHhcNMjUxMTIwMDExNDM0WhcNMzUxMTE4MDExNTM0WjB3MS0wKwYD\nVQQuEyQyM2FiNWQxYi0yMjhlLTQyNDQtODQzYy1lZGNkZmU0MGZiYWUxIzAhBgNV\nBAMTGkdvb2dsZSBDbG91ZCBTUUwgU2VydmVyIENBMRQwEgYDVQQKEwtHb29nbGUs\nIEluYzELMAkGA1UEBhMCVVMwggEiMA0GCSqGSIb3DQEBAQUAA4IBDwAwggEKAoIB\nAQCvhOshOfmP5NTN8tCuSjcLUCSojeeFnHTK2OuSK0hJ2nPHf7XGeyXiypG5G66m\nn0VWH5vKvmu3XhnlXPFaQiWXoZAlt7y5xbnWkvl59f1oLE1lSJGPvQxkPCkafw2R\nztwpx9nbOEbp1hItYJAtgmOcnBbMdh1nISG2hO7aGHXij7S2Q2XNaKx4LW6zM6Zy\nC4ML1K7wxRdjNVrtsVJyoYktcrgk2S+cBLGFa7u67dzD9pt+bFHEp938E4A3RAZz\nrSvMpjQkimCccvqKWPIcCpAqld7zpDoiGIX08Nb8SWBmLp22JsPZwLxbpFulWgNy\nZf2RZRtgEBB6aZzrfMOG9T8tAgMBAAGjFjAUMBIGA1UdEwEB/wQIMAYBAf8CAQAw\nDQYJKoZIhvcNAQELBQADggEBAFghUcbnYdHVy9JL8qAd1qUC4dKIvWOdG12StJRB\n5tN/flG8RjCfiZYgcLD/V/+yYYC0/aoK4w4WBDdyjvDSkdpr7l2PS9azLjhwgTRo\nKjJ/UFOcTkXMMBO8aDFtUhFYXzpfrr8pFfocmSUZCZlFsx+BA9jQaKiTnhMatVy1\nytO0j8F8a1AwWuKi3CTXQ2dQex4FKZCWIrjWW+YXpH3soFsadt5dOJvAkB8lEM29\no7Z8cyLq2AgHORQLQ3w6g+F02lbkJcRULFVukTRjZ7Qj/LbGPCGHhX8lej7Z/bK0\nK3vRb0sJ7fGYZlH5SpCo1X+Mk73QsZImJIZz5kDOgshvdCA=\n-----END CERTIFICATE-----",
                "common_name": "C=US,O=Google\\, Inc,CN=Google Cloud SQL Server CA,dnQualifier=23ab5d1b-228e-4244-843c-edcdfe40fbae",
                "create_time": "2025-11-20T01:14:34.581Z",
                "expiration_time": "2035-11-18T01:15:34.581Z",
                "sha1_fingerprint": "9eafed737c5e8fa5d8beeac63b22b59b06b91699"
              }
            ],
            "service_account_email_address": "p161959474208-g41o7h@gcp-sa-cloud-sql.iam.gserviceaccount.com",
            "settings": [
              {
                "activation_policy": "ALWAYS",
                "active_directory_config": [],
                "advanced_machine_features": [],
                "availability_type": "REGIONAL",
                "backup_configuration": [
                  {
                    "backup_retention_settings": [
                      {
                        "retained_backups": 7,
                        "retention_unit": "COUNT"
                      }
                    ],
                    "binary_log_enabled": false,
                    "enabled": true,
                    "location": "",
                    "point_in_time_recovery_enabled": false,
                    "start_time": "03:00",
                    "transaction_log_retention_days": 7
                  }
                ],
                "collation": "",
                "connection_pool_config": [],
                "connector_enforcement": "NOT_REQUIRED",
                "data_cache_config": [
                  {
                    "data_cache_enabled": false
                  }
                ],
                "database_flags": [],
                "deletion_protection_enabled": false,
                "deny_maintenance_period": [],
                "disk_autoresize": true,
                "disk_autoresize_limit": 0,
                "disk_size": 10,
                "disk_type": "PD_SSD",
                "edition": "ENTERPRISE",
                "effective_availability_type": "REGIONAL",
                "enable_dataplex_integration": false,
                "enable_google_ml_integration": false,
                "final_backup_config": [],
                "insights_config": [],
                "ip_configuration": [
                  {
                    "allocated_ip_range": "",
                    "authorized_networks": [],
                    "custom_subject_alternative_names": [],
                    "enable_private_path_for_google_cloud_services": false,
                    "ipv4_enabled": true,
                    "private_network": "",
                    "psc_config": [],
                    "server_ca_mode": "GOOGLE_MANAGED_INTERNAL_CA",
                    "server_ca_pool": "",
                    "ssl_mode": "ALLOW_UNENCRYPTED_AND_ENCRYPTED"
                  }
                ],
                "location_preference": [
                  {
                    "follow_gae_application": "",
                    "secondary_zone": "",
                    "zone": "us-central1-a"
                  }
                ],
                "maintenance_window": [
                  {
                    "day": 7,
                    "hour": 3,
                    "update_track": ""
                  }
                ],
                "password_validation_policy": [],
                "pricing_plan": "PER_USE",
                "read_pool_auto_scale_config": [
                  {
                    "disable_scale_in": false,
                    "enabled": false,
                    "max_node_count": 0,
                    "min_node_count": 0,
                    "scale_in_cooldown_seconds": 0,
                    "scale_out_cooldown_seconds": 0,
                    "target_metrics": []
                  }
                ],
                "retain_backups_on_delete": false,
                "sql_server_audit_config": [],
                "tier": "db-custom-1-3840",
                "time_zone": "",
                "user_labels": {},
                "version": 10
              }
            ],
            "timeouts": null
          },
          "sensitive_attributes": [
            [
              {
                "type": "get_attr",
                "value": "root_password"
              }
            ],
            [
              {
                "type": "get_attr",
                "value": "server_ca_cert"
              }
            ]
          ],
          "identity_schema_version": 0,
          "private": "eyJlMmJmYjczMC1lY2FhLTExZTYtOGY4OC0zNDM2M2JjN2M0YzAiOnsiY3JlYXRlIjo1NDAwMDAwMDAwMDAwLCJkZWxldGUiOjU0MDAwMDAwMDAwMDAsInVwZGF0ZSI6NTQwMDAwMDAwMDAwMH19"
        }
      ]
    },
    {
      "mode": "managed",
      "type": "google_sql_user",
      "name": "users",
      "provider": "provider[\"registry.terraform.io/hashicorp/google\"]",
      "instances": [
        {
          "schema_version": 1,
          "attributes": {
            "deletion_policy": null,
            "host": "",
            "id": "todoappuser//todo-app-db-instance",
            "instance": "todo-app-db-instance",
            "name": "todoappuser",
            "password": "password123",
            "password_policy": [],
            "password_wo": null,
            "password_wo_version": null,
            "project": "smcghee-todo-p15n-38a6",
            "sql_server_user_details": [],
            "timeouts": null,
            "type": ""
          },
          "sensitive_attributes": [
            [
              {
                "type": "get_attr",
                "value": "password"
              }
            ]
          ],
          "identity_schema_version": 0,
          "private": "eyJlMmJmYjczMC1lY2FhLTExZTYtOGY4OC0zNDM2M2JjN2M0YzAiOnsiY3JlYXRlIjo2MDAwMDAwMDAwMDAsImRlbGV0ZSI6NjAwMDAwMDAwMDAwLCJ1cGRhdGUiOjYwMDAwMDAwMDAwMH0sInNjaGVtYV92ZXJzaW9uIjoiMSJ9",
          "dependencies": [
            "google_sql_database_instance.main_instance"
          ]
        }
      ]
    }
  ],
  "check_results": null
}
