{
  "version": 4,
  "terraform_version": "1.12.2",
  "serial": 100,
  "lineage": "17aaa8b9-2273-b287-5668-dafb7704bd24",
  "outputs": {
    "cloudsql_instance_connection_name": {
      "value": "smcghee-todo-p15n-38a6:us-central1:todo-app-db-instance",
      "type": "string"
    },
    "cluster_name": {
      "value": "todo-app-cluster",
      "type": "string"
    },
    "github_actions_deployer_email": {
      "value": "github-actions-deployer@smcghee-todo-p15n-38a6.iam.gserviceaccount.com",
      "type": "string"
    },
    "kubeconfig": {
      "value": "LS0tLS1CRUdJTiBDRVJUSUZJQ0FURS0tLS0tCk1JSUVMVENDQXBXZ0F3SUJBZ0lSQU5tb2JJN2tjU2cwNVJBTVJqckhCQUF3RFFZSktvWklodmNOQVFFTEJRQXcKTHpFdE1Dc0dBMVVFQXhNa00yUmlPVEZrT0dFdE0yRm1NQzAwTjJKaExUaGtZMkV0TlRRMU56UTJaalUzTkRobApNQ0FYRFRJMU1URXlNakF3TWpjek5Wb1lEekl3TlRVeE1URTFNREV5TnpNMVdqQXZNUzB3S3dZRFZRUURFeVF6ClpHSTVNV1E0WVMwellXWXdMVFEzWW1FdE9HUmpZUzAxTkRVM05EWm1OVGMwT0dVd2dnR2lNQTBHQ1NxR1NJYjMKRFFFQkFRVUFBNElCandBd2dnR0tBb0lCZ1FEV1hUMERhZWVoOE1MZ2pGcUM0am51VmV6N2xOaUN3VURDb0Z0ZApWV1c2U0cralBUOWJkRk5JV2VBT1pZSUNBZUJVa0dqRkhnRkFTTWNqWjBVNmdVK0FoV0k0SGRsOVQ5WjJraU9BCndZUCt1TzUyRTAzK1RJQlVYdDJYZWdWMG9GZXNaaXpGemhQQksrUVBTZjFkRXJhWEJwUnBZYVQrcXpKZXVJb3QKTUVxRFNSTW1vRXkxeCsvQlMwTTBtUXBObktCSkZjOGVMWUVQNWI0NTlqRkRsWkRPR2N5NnZ1QUF5cmdIbFJ1cwpjNkgwSnpGaE5reHZlcllHcnJybW9OMmJMcWlTK012UVZkOWRaZWZPMEs4Um4rcDBKTEMvV1dNQ0xTcUhRQzBhCklZWCs4MTV1RExpcUphYkM1YkNBZk9PWFh0VXl6ZXNDWi9TSGlJQWZoaEJEUC9jeUJwOFQ1eTdraE1Ca2FuS1AKcFpNRGhaSW5IWUJlM3VYc0gyck04dnlINDZuOW85cWluOW55azY2QmpkS2M3Q25pQzdWbkZMRlRhTGhCNDR4TQpTTG9ScVd6SngvdW4vK1RNUlhzcVU5TG11MHhkM2plaEllMnFIZ1RDaURJMTliMm5MSlNqOG5iT0pSdzAxVGloCkhKSy9nQmQ3d1luRnRRVklFTno4UGFaL0xROENBd0VBQWFOQ01FQXdEZ1lEVlIwUEFRSC9CQVFEQWdJRU1BOEcKQTFVZEV3RUIvd1FGTUFNQkFmOHdIUVlEVlIwT0JCWUVGREFaemErTmRvbWVWbE85TEVEUGhzWEhkcmNOTUEwRwpDU3FHU0liM0RRRUJDd1VBQTRJQmdRQmxiUC9OM2RkOHZjVGZrMDV3NVpoNFd4VFJ6K2ZkM0NHd0R6dG1HQ2F2CnllZmxlL0FySVIzNFN2K2tUcmRQbjVHYWtzZW5aaEs4aWVjamdoaUszRGJHM1BrakZ3WDBqd01kb3kvMjl2R2gKSjh0VUZZaXMyT3JablZwMVhpZzdYUWttaG1OaS9iWlRUcHltZDByUndIOUp4bDFvUXdPL0gzcnI1bmZhVzFCbwppYkd2OVY1ZGVIVUlPY1p2RCs4VklMbDc5WU4rbHZlb1VPVit2L21obHlxUFZHV1BwbHhaZDBaTVZldTVUL0hYCkJHVllkQnlWUEV6ZGhzK1k3TDZKRlpVdXhaKzk5N2ZENTdLT05JSHlsbDZ6L3BNaVh3VXpCU0F1ejR3M0p2d1gKcVMrcU8zRmM4cWFOK2o0ZE5CZUZuRitNbkJmMlN6bTRzdjlqNWxpMHN2WVN2K1p0VENHMjBLV3JwMTEwVmNrKwpjMG5jTWp2aGVLNFZzSTRnOWNya0VpdUVPL2pYakZzVjRQMWx0NkthUHEySzdFeklGcm5TR2hJUDBsNEd4aHIyCkRkcW5Rc3lQZXQvUTVnTFJCSU96RHgrem1YMm16Q1hXWGVtd2JzeDAxNXJZc29oQTU2V3BSTEVBc080b09yM1IKR2NQbURnaHkvUzRSZGtJTjBnYndYZTg9Ci0tLS0tRU5EIENFUlRJRklDQVRFLS0tLS0K",
      "type": "string",
      "sensitive": true
    },
    "region": {
      "value": "us-central1",
      "type": "string"
    }
  },
  "resources": [
    {
      "mode": "managed",
      "type": "google_artifact_registry_repository",
      "name": "my-repo",
      "provider": "provider[\"registry.terraform.io/hashicorp/google\"]",
      "instances": [
        {
          "schema_version": 0,
          "attributes": {
            "cleanup_policies": [],
            "cleanup_policy_dry_run": false,
            "create_time": "2025-11-20T16:58:00.367964Z",
            "description": "Docker repository for todo-app-go",
            "docker_config": [],
            "effective_labels": {
              "goog-terraform-provisioned": "true"
            },
            "format": "DOCKER",
            "id": "projects/smcghee-todo-p15n-38a6/locations/us-central1/repositories/todo-app-go",
            "kms_key_name": "",
            "labels": {},
            "location": "us-central1",
            "maven_config": [],
            "mode": "STANDARD_REPOSITORY",
            "name": "todo-app-go",
            "project": "smcghee-todo-p15n-38a6",
            "registry_uri": "us-central1-docker.pkg.dev/smcghee-todo-p15n-38a6/todo-app-go",
            "remote_repository_config": [],
            "repository_id": "todo-app-go",
            "terraform_labels": {
              "goog-terraform-provisioned": "true"
            },
            "timeouts": null,
            "update_time": "2025-11-24T18:52:20.609903Z",
            "virtual_repository_config": [],
            "vulnerability_scanning_config": [
              {
                "enablement_config": "",
                "enablement_state": "SCANNING_DISABLED",
                "enablement_state_reason": "API containerscanning.googleapis.com is not enabled."
              }
            ]
          },
          "sensitive_attributes": [],
          "identity_schema_version": 0,
          "private": "eyJlMmJmYjczMC1lY2FhLTExZTYtOGY4OC0zNDM2M2JjN2M0YzAiOnsiY3JlYXRlIjoxMjAwMDAwMDAwMDAwLCJkZWxldGUiOjEyMDAwMDAwMDAwMDAsInVwZGF0ZSI6MTIwMDAwMDAwMDAwMH19"
        }
      ]
    },
    {
      "mode": "managed",
      "type": "google_compute_network",
      "name": "main",
      "provider": "provider[\"registry.terraform.io/hashicorp/google\"]",
      "instances": [
        {
          "schema_version": 0,
          "attributes": {
            "auto_create_subnetworks": false,
            "bgp_always_compare_med": false,
            "bgp_best_path_selection_mode": "LEGACY",
            "bgp_inter_region_cost": "",
            "delete_default_routes_on_create": false,
            "description": "",
            "enable_ula_internal_ipv6": false,
            "gateway_ipv4": "",
            "id": "projects/smcghee-todo-p15n-38a6/global/networks/smcghee-todo-p15n-38a6-vpc",
            "internal_ipv6_range": "",
            "mtu": 0,
            "name": "smcghee-todo-p15n-38a6-vpc",
            "network_firewall_policy_enforcement_order": "AFTER_CLASSIC_FIREWALL",
            "network_id": "8409764071384283835",
            "network_profile": "",
            "numeric_id": "8409764071384283835",
            "params": [],
            "project": "smcghee-todo-p15n-38a6",
            "routing_mode": "REGIONAL",
            "self_link": "https://www.googleapis.com/compute/v1/projects/smcghee-todo-p15n-38a6/global/networks/smcghee-todo-p15n-38a6-vpc",
            "timeouts": null
          },
          "sensitive_attributes": [],
          "identity_schema_version": 0,
          "private": "eyJlMmJmYjczMC1lY2FhLTExZTYtOGY4OC0zNDM2M2JjN2M0YzAiOnsiY3JlYXRlIjoxMjAwMDAwMDAwMDAwLCJkZWxldGUiOjEyMDAwMDAwMDAwMDAsInVwZGF0ZSI6MTIwMDAwMDAwMDAwMH19"
        }
      ]
    },
    {
      "mode": "managed",
      "type": "google_compute_subnetwork",
      "name": "private",
      "provider": "provider[\"registry.terraform.io/hashicorp/google\"]",
      "instances": [
        {
          "schema_version": 0,
          "attributes": {
            "creation_timestamp": "2025-11-19T14:27:45.401-08:00",
            "description": "",
            "external_ipv6_prefix": "",
            "fingerprint": null,
            "gateway_address": "10.0.0.1",
            "id": "projects/smcghee-todo-p15n-38a6/regions/us-central1/subnetworks/smcghee-todo-p15n-38a6-subnet",
            "internal_ipv6_prefix": "",
            "ip_cidr_range": "10.0.0.0/20",
            "ip_collection": null,
            "ipv6_access_type": "",
            "ipv6_cidr_range": "",
            "ipv6_gce_endpoint": "",
            "log_config": [],
            "name": "smcghee-todo-p15n-38a6-subnet",
            "network": "https://www.googleapis.com/compute/v1/projects/smcghee-todo-p15n-38a6/global/networks/smcghee-todo-p15n-38a6-vpc",
            "params": [],
            "private_ip_google_access": true,
            "private_ipv6_google_access": "DISABLE_GOOGLE_ACCESS",
            "project": "smcghee-todo-p15n-38a6",
            "purpose": "PRIVATE",
            "region": "us-central1",
            "reserved_internal_range": "",
            "role": "",
            "secondary_ip_range": [
              {
                "ip_cidr_range": "10.22.192.0/19",
                "range_name": "gke-todo-app-cluster-pods-dfc9309b",
                "reserved_internal_range": "https://networkconnectivity.googleapis.com/v1/projects/smcghee-todo-p15n-38a6/locations/global/internalRanges/gke-todo-app-cluster-pods-dfc9309b"
              }
            ],
            "self_link": "https://www.googleapis.com/compute/v1/projects/smcghee-todo-p15n-38a6/regions/us-central1/subnetworks/smcghee-todo-p15n-38a6-subnet",
            "send_secondary_ip_range_if_empty": null,
            "stack_type": "IPV4_ONLY",
            "state": "",
            "subnetwork_id": 4180077495144675982,
            "timeouts": null
          },
          "sensitive_attributes": [],
          "identity_schema_version": 0,
          "private": "eyJlMmJmYjczMC1lY2FhLTExZTYtOGY4OC0zNDM2M2JjN2M0YzAiOnsiY3JlYXRlIjoxMjAwMDAwMDAwMDAwLCJkZWxldGUiOjEyMDAwMDAwMDAwMDAsInVwZGF0ZSI6MTIwMDAwMDAwMDAwMH19",
          "dependencies": [
            "google_compute_network.main"
          ]
        }
      ]
    },
    {
      "mode": "managed",
      "type": "google_container_cluster",
      "name": "primary",
      "provider": "provider[\"registry.terraform.io/hashicorp/google\"]",
      "instances": [
        {
          "schema_version": 2,
          "attributes": {
            "addons_config": [
              {
                "cloudrun_config": [],
                "config_connector_config": [],
                "dns_cache_config": [],
                "gce_persistent_disk_csi_driver_config": [
                  {
                    "enabled": true
                  }
                ],
                "gcp_filestore_csi_driver_config": [],
                "gcs_fuse_csi_driver_config": [],
                "gke_backup_agent_config": [],
                "horizontal_pod_autoscaling": [],
                "http_load_balancing": [],
                "lustre_csi_driver_config": [],
                "network_policy_config": [
                  {
                    "disabled": true
                  }
                ],
                "parallelstore_csi_driver_config": [],
                "ray_operator_config": [],
                "stateful_ha_config": []
              }
            ],
            "allow_net_admin": null,
            "anonymous_authentication_config": [
              {
                "mode": "ENABLED"
              }
            ],
            "authenticator_groups_config": [],
            "binary_authorization": [
              {
                "enabled": false,
                "evaluation_mode": ""
              }
            ],
            "cluster_autoscaling": [
              {
                "auto_provisioning_defaults": [],
                "auto_provisioning_locations": [],
                "autoscaling_profile": "BALANCED",
                "default_compute_class_enabled": false,
                "enabled": false,
                "resource_limits": []
              }
            ],
            "cluster_ipv4_cidr": "10.22.192.0/19",
            "confidential_nodes": [],
            "control_plane_endpoints_config": [
              {
                "dns_endpoint_config": [
                  {
                    "allow_external_traffic": false,
                    "enable_k8s_certs_via_dns": false,
                    "enable_k8s_tokens_via_dns": false,
                    "endpoint": "gke-dfc9309bfb6a49289a95e664f50e55e346ba-161959474208.us-central1.gke.goog"
                  }
                ],
                "ip_endpoints_config": [
                  {
                    "enabled": true
                  }
                ]
              }
            ],
            "cost_management_config": [],
            "database_encryption": [
              {
                "key_name": "",
                "state": "DECRYPTED"
              }
            ],
            "datapath_provider": "",
            "default_max_pods_per_node": 110,
            "default_snat_status": [
              {
                "disabled": false
              }
            ],
            "deletion_protection": false,
            "description": "",
            "disable_l4_lb_firewall_reconciliation": false,
            "dns_config": [],
            "effective_labels": {
              "goog-terraform-provisioned": "true"
            },
            "enable_autopilot": false,
            "enable_cilium_clusterwide_network_policy": false,
            "enable_fqdn_network_policy": false,
            "enable_intranode_visibility": false,
            "enable_k8s_beta_apis": [],
            "enable_kubernetes_alpha": false,
            "enable_l4_ilb_subsetting": false,
            "enable_legacy_abac": false,
            "enable_multi_networking": false,
            "enable_shielded_nodes": true,
            "enable_tpu": false,
            "endpoint": "34.59.196.122",
            "enterprise_config": [
              {
                "cluster_tier": "STANDARD",
                "desired_tier": ""
              }
            ],
            "fleet": [],
            "gateway_api_config": [],
            "gke_auto_upgrade_config": [],
            "id": "projects/smcghee-todo-p15n-38a6/locations/us-central1/clusters/todo-app-cluster",
            "identity_service_config": [],
            "in_transit_encryption_config": "",
            "initial_node_count": 1,
            "ip_allocation_policy": [
              {
                "additional_ip_ranges_config": [],
                "additional_pod_ranges_config": [],
                "auto_ipam_config": [],
                "cluster_ipv4_cidr_block": "10.22.192.0/19",
                "cluster_secondary_range_name": "gke-todo-app-cluster-pods-dfc9309b",
                "network_tier_config": [
                  {
                    "network_tier": "NETWORK_TIER_DEFAULT"
                  }
                ],
                "pod_cidr_overprovision_config": [
                  {
                    "disabled": false
                  }
                ],
                "services_ipv4_cidr_block": "34.118.224.0/22",
                "services_secondary_range_name": "",
                "stack_type": "IPV4"
              }
            ],
            "label_fingerprint": "78cdf2f6",
            "location": "us-central1",
            "logging_config": [
              {
                "enable_components": [
                  "SYSTEM_COMPONENTS",
                  "WORKLOADS"
                ]
              }
            ],
            "logging_service": "logging.googleapis.com/kubernetes",
            "maintenance_policy": [],
            "master_auth": [
              {
                "client_certificate": "",
                "client_certificate_config": [
                  {
                    "issue_client_certificate": false
                  }
                ],
                "client_key": "",
                "cluster_ca_certificate": "LS0tLS1CRUdJTiBDRVJUSUZJQ0FURS0tLS0tCk1JSUVMVENDQXBXZ0F3SUJBZ0lSQU5tb2JJN2tjU2cwNVJBTVJqckhCQUF3RFFZSktvWklodmNOQVFFTEJRQXcKTHpFdE1Dc0dBMVVFQXhNa00yUmlPVEZrT0dFdE0yRm1NQzAwTjJKaExUaGtZMkV0TlRRMU56UTJaalUzTkRobApNQ0FYRFRJMU1URXlNakF3TWpjek5Wb1lEekl3TlRVeE1URTFNREV5TnpNMVdqQXZNUzB3S3dZRFZRUURFeVF6ClpHSTVNV1E0WVMwellXWXdMVFEzWW1FdE9HUmpZUzAxTkRVM05EWm1OVGMwT0dVd2dnR2lNQTBHQ1NxR1NJYjMKRFFFQkFRVUFBNElCandBd2dnR0tBb0lCZ1FEV1hUMERhZWVoOE1MZ2pGcUM0am51VmV6N2xOaUN3VURDb0Z0ZApWV1c2U0cralBUOWJkRk5JV2VBT1pZSUNBZUJVa0dqRkhnRkFTTWNqWjBVNmdVK0FoV0k0SGRsOVQ5WjJraU9BCndZUCt1TzUyRTAzK1RJQlVYdDJYZWdWMG9GZXNaaXpGemhQQksrUVBTZjFkRXJhWEJwUnBZYVQrcXpKZXVJb3QKTUVxRFNSTW1vRXkxeCsvQlMwTTBtUXBObktCSkZjOGVMWUVQNWI0NTlqRkRsWkRPR2N5NnZ1QUF5cmdIbFJ1cwpjNkgwSnpGaE5reHZlcllHcnJybW9OMmJMcWlTK012UVZkOWRaZWZPMEs4Um4rcDBKTEMvV1dNQ0xTcUhRQzBhCklZWCs4MTV1RExpcUphYkM1YkNBZk9PWFh0VXl6ZXNDWi9TSGlJQWZoaEJEUC9jeUJwOFQ1eTdraE1Ca2FuS1AKcFpNRGhaSW5IWUJlM3VYc0gyck04dnlINDZuOW85cWluOW55azY2QmpkS2M3Q25pQzdWbkZMRlRhTGhCNDR4TQpTTG9ScVd6SngvdW4vK1RNUlhzcVU5TG11MHhkM2plaEllMnFIZ1RDaURJMTliMm5MSlNqOG5iT0pSdzAxVGloCkhKSy9nQmQ3d1luRnRRVklFTno4UGFaL0xROENBd0VBQWFOQ01FQXdEZ1lEVlIwUEFRSC9CQVFEQWdJRU1BOEcKQTFVZEV3RUIvd1FGTUFNQkFmOHdIUVlEVlIwT0JCWUVGREFaemErTmRvbWVWbE85TEVEUGhzWEhkcmNOTUEwRwpDU3FHU0liM0RRRUJDd1VBQTRJQmdRQmxiUC9OM2RkOHZjVGZrMDV3NVpoNFd4VFJ6K2ZkM0NHd0R6dG1HQ2F2CnllZmxlL0FySVIzNFN2K2tUcmRQbjVHYWtzZW5aaEs4aWVjamdoaUszRGJHM1BrakZ3WDBqd01kb3kvMjl2R2gKSjh0VUZZaXMyT3JablZwMVhpZzdYUWttaG1OaS9iWlRUcHltZDByUndIOUp4bDFvUXdPL0gzcnI1bmZhVzFCbwppYkd2OVY1ZGVIVUlPY1p2RCs4VklMbDc5WU4rbHZlb1VPVit2L21obHlxUFZHV1BwbHhaZDBaTVZldTVUL0hYCkJHVllkQnlWUEV6ZGhzK1k3TDZKRlpVdXhaKzk5N2ZENTdLT05JSHlsbDZ6L3BNaVh3VXpCU0F1ejR3M0p2d1gKcVMrcU8zRmM4cWFOK2o0ZE5CZUZuRitNbkJmMlN6bTRzdjlqNWxpMHN2WVN2K1p0VENHMjBLV3JwMTEwVmNrKwpjMG5jTWp2aGVLNFZzSTRnOWNya0VpdUVPL2pYakZzVjRQMWx0NkthUHEySzdFeklGcm5TR2hJUDBsNEd4aHIyCkRkcW5Rc3lQZXQvUTVnTFJCSU96RHgrem1YMm16Q1hXWGVtd2JzeDAxNXJZc29oQTU2V3BSTEVBc080b09yM1IKR2NQbURnaHkvUzRSZGtJTjBnYndYZTg9Ci0tLS0tRU5EIENFUlRJRklDQVRFLS0tLS0K"
              }
            ],
            "master_authorized_networks_config": [],
            "master_version": "1.33.5-gke.1201000",
            "mesh_certificates": [],
            "min_master_version": null,
            "monitoring_config": [
              {
                "advanced_datapath_observability_config": [
                  {
                    "enable_metrics": false,
                    "enable_relay": false
                  }
                ],
                "enable_components": [
                  "SYSTEM_COMPONENTS"
                ],
                "managed_prometheus": [
                  {
                    "auto_monitoring_config": [],
                    "enabled": true
                  }
                ]
              }
            ],
            "monitoring_service": "monitoring.googleapis.com/kubernetes",
            "name": "todo-app-cluster",
            "network": "projects/smcghee-todo-p15n-38a6/global/networks/smcghee-todo-p15n-38a6-vpc",
            "network_performance_config": [],
            "network_policy": [
              {
                "enabled": false,
                "provider": "PROVIDER_UNSPECIFIED"
              }
            ],
            "networking_mode": "VPC_NATIVE",
            "node_config": [
              {
                "advanced_machine_features": [],
                "boot_disk": [
                  {
                    "disk_type": "pd-balanced",
                    "provisioned_iops": 0,
                    "provisioned_throughput": 0,
                    "size_gb": 100
                  }
                ],
                "boot_disk_kms_key": "",
                "confidential_nodes": [],
                "containerd_config": [],
                "disk_size_gb": 100,
                "disk_type": "pd-balanced",
                "effective_taints": [],
                "enable_confidential_storage": false,
                "ephemeral_storage_local_ssd_config": [],
                "fast_socket": [],
                "flex_start": false,
                "gcfs_config": [],
                "guest_accelerator": [],
                "gvnic": [],
                "host_maintenance_policy": [],
                "image_type": "COS_CONTAINERD",
                "kubelet_config": [
                  {
                    "allowed_unsafe_sysctls": [],
                    "container_log_max_files": 0,
                    "container_log_max_size": "",
                    "cpu_cfs_quota": false,
                    "cpu_cfs_quota_period": "",
                    "cpu_manager_policy": "",
                    "eviction_max_pod_grace_period_seconds": 0,
                    "eviction_minimum_reclaim": [],
                    "eviction_soft": [],
                    "eviction_soft_grace_period": [],
                    "image_gc_high_threshold_percent": 0,
                    "image_gc_low_threshold_percent": 0,
                    "image_maximum_gc_age": "",
                    "image_minimum_gc_age": "",
                    "insecure_kubelet_readonly_port_enabled": "FALSE",
                    "max_parallel_image_pulls": 2,
                    "memory_manager": [],
                    "pod_pids_limit": 0,
                    "single_process_oom_kill": false,
                    "topology_manager": []
                  }
                ],
                "labels": {},
                "linux_node_config": [],
                "local_nvme_ssd_block_config": [],
                "local_ssd_count": 0,
                "local_ssd_encryption_mode": "",
                "logging_variant": "DEFAULT",
                "machine_type": "e2-medium",
                "max_run_duration": "",
                "metadata": {
                  "disable-legacy-endpoints": "true"
                },
                "min_cpu_platform": "",
                "node_group": "",
                "oauth_scopes": [
                  "https://www.googleapis.com/auth/cloud-platform"
                ],
                "preemptible": false,
                "reservation_affinity": [],
                "resource_labels": {
                  "goog-gke-node-pool-provisioning-model": "on-demand"
                },
                "resource_manager_tags": {},
                "secondary_boot_disks": [],
                "service_account": "gke-node-sa@smcghee-todo-p15n-38a6.iam.gserviceaccount.com",
                "shielded_instance_config": [
                  {
                    "enable_integrity_monitoring": true,
                    "enable_secure_boot": false
                  }
                ],
                "sole_tenant_config": [],
                "spot": false,
                "storage_pools": [],
                "tags": [],
                "taint": [],
                "windows_node_config": [
                  {
                    "osversion": ""
                  }
                ],
                "workload_metadata_config": []
              }
            ],
            "node_locations": [
              "us-central1-a",
              "us-central1-b",
              "us-central1-c"
            ],
            "node_pool": [
              {
                "autoscaling": [],
                "initial_node_count": 2,
                "instance_group_urls": [
                  "https://www.googleapis.com/compute/v1/projects/smcghee-todo-p15n-38a6/zones/us-central1-a/instanceGroupManagers/gke-todo-app-cluster-todo-app-cluster-fcb921cb-grp",
                  "https://www.googleapis.com/compute/v1/projects/smcghee-todo-p15n-38a6/zones/us-central1-c/instanceGroupManagers/gke-todo-app-cluster-todo-app-cluster-6fe851fd-grp",
                  "https://www.googleapis.com/compute/v1/projects/smcghee-todo-p15n-38a6/zones/us-central1-b/instanceGroupManagers/gke-todo-app-cluster-todo-app-cluster-3603abfd-grp"
                ],
                "managed_instance_group_urls": [
                  "https://www.googleapis.com/compute/v1/projects/smcghee-todo-p15n-38a6/zones/us-central1-a/instanceGroups/gke-todo-app-cluster-todo-app-cluster-fcb921cb-grp",
                  "https://www.googleapis.com/compute/v1/projects/smcghee-todo-p15n-38a6/zones/us-central1-c/instanceGroups/gke-todo-app-cluster-todo-app-cluster-6fe851fd-grp",
                  "https://www.googleapis.com/compute/v1/projects/smcghee-todo-p15n-38a6/zones/us-central1-b/instanceGroups/gke-todo-app-cluster-todo-app-cluster-3603abfd-grp"
                ],
                "management": [
                  {
                    "auto_repair": true,
                    "auto_upgrade": true
                  }
                ],
                "max_pods_per_node": 110,
                "name": "todo-app-cluster-node-pool",
                "name_prefix": "",
                "network_config": [
                  {
                    "additional_node_network_configs": [],
                    "additional_pod_network_configs": [],
                    "create_pod_range": false,
                    "enable_private_nodes": false,
                    "network_performance_config": [],
                    "pod_cidr_overprovision_config": [],
                    "pod_ipv4_cidr_block": "10.22.192.0/19",
                    "pod_range": "gke-todo-app-cluster-pods-dfc9309b",
                    "subnetwork": "projects/smcghee-todo-p15n-38a6/regions/us-central1/subnetworks/smcghee-todo-p15n-38a6-subnet"
                  }
                ],
                "node_config": [
                  {
                    "advanced_machine_features": [],
                    "boot_disk": [
                      {
                        "disk_type": "pd-balanced",
                        "provisioned_iops": 0,
                        "provisioned_throughput": 0,
                        "size_gb": 100
                      }
                    ],
                    "boot_disk_kms_key": "",
                    "confidential_nodes": [],
                    "containerd_config": [],
                    "disk_size_gb": 100,
                    "disk_type": "pd-balanced",
                    "effective_taints": [],
                    "enable_confidential_storage": false,
                    "ephemeral_storage_local_ssd_config": [],
                    "fast_socket": [],
                    "flex_start": false,
                    "gcfs_config": [],
                    "guest_accelerator": [],
                    "gvnic": [],
                    "host_maintenance_policy": [],
                    "image_type": "COS_CONTAINERD",
                    "kubelet_config": [
                      {
                        "allowed_unsafe_sysctls": [],
                        "container_log_max_files": 0,
                        "container_log_max_size": "",
                        "cpu_cfs_quota": false,
                        "cpu_cfs_quota_period": "",
                        "cpu_manager_policy": "",
                        "eviction_max_pod_grace_period_seconds": 0,
                        "eviction_minimum_reclaim": [],
                        "eviction_soft": [],
                        "eviction_soft_grace_period": [],
                        "image_gc_high_threshold_percent": 0,
                        "image_gc_low_threshold_percent": 0,
                        "image_maximum_gc_age": "",
                        "image_minimum_gc_age": "",
                        "insecure_kubelet_readonly_port_enabled": "FALSE",
                        "max_parallel_image_pulls": 2,
                        "memory_manager": [],
                        "pod_pids_limit": 0,
                        "single_process_oom_kill": false,
                        "topology_manager": []
                      }
                    ],
                    "labels": {},
                    "linux_node_config": [],
                    "local_nvme_ssd_block_config": [],
                    "local_ssd_count": 0,
                    "local_ssd_encryption_mode": "",
                    "logging_variant": "DEFAULT",
                    "machine_type": "e2-medium",
                    "max_run_duration": "",
                    "metadata": {
                      "disable-legacy-endpoints": "true"
                    },
                    "min_cpu_platform": "",
                    "node_group": "",
                    "oauth_scopes": [
                      "https://www.googleapis.com/auth/cloud-platform"
                    ],
                    "preemptible": false,
                    "reservation_affinity": [],
                    "resource_labels": {
                      "goog-gke-node-pool-provisioning-model": "on-demand"
                    },
                    "resource_manager_tags": {},
                    "secondary_boot_disks": [],
                    "service_account": "gke-node-sa@smcghee-todo-p15n-38a6.iam.gserviceaccount.com",
                    "shielded_instance_config": [
                      {
                        "enable_integrity_monitoring": true,
                        "enable_secure_boot": false
                      }
                    ],
                    "sole_tenant_config": [],
                    "spot": false,
                    "storage_pools": [],
                    "tags": [],
                    "taint": [],
                    "windows_node_config": [
                      {
                        "osversion": ""
                      }
                    ],
                    "workload_metadata_config": []
                  }
                ],
                "node_count": 2,
                "node_locations": [
                  "us-central1-a",
                  "us-central1-b",
                  "us-central1-c"
                ],
                "placement_policy": [],
                "queued_provisioning": [],
                "upgrade_settings": [
                  {
                    "blue_green_settings": [],
                    "max_surge": 1,
                    "max_unavailable": 0,
                    "strategy": "SURGE"
                  }
                ],
                "version": "1.33.5-gke.1201000"
              }
            ],
            "node_pool_auto_config": [
              {
                "linux_node_config": [],
                "network_tags": [],
                "node_kubelet_config": [
                  {
                    "insecure_kubelet_readonly_port_enabled": "FALSE"
                  }
                ],
                "resource_manager_tags": {}
              }
            ],
            "node_pool_defaults": [
              {
                "node_config_defaults": [
                  {
                    "containerd_config": [],
                    "gcfs_config": [],
                    "insecure_kubelet_readonly_port_enabled": "FALSE",
                    "logging_variant": "DEFAULT"
                  }
                ]
              }
            ],
            "node_version": "1.33.5-gke.1201000",
            "notification_config": [
              {
                "pubsub": [
                  {
                    "enabled": false,
                    "filter": [],
                    "topic": ""
                  }
                ]
              }
            ],
            "operation": null,
            "pod_autoscaling": [
              {
                "hpa_profile": "PERFORMANCE"
              }
            ],
            "private_cluster_config": [
              {
                "enable_private_endpoint": false,
                "enable_private_nodes": false,
                "master_global_access_config": [
                  {
                    "enabled": false
                  }
                ],
                "master_ipv4_cidr_block": "",
                "peering_name": "",
                "private_endpoint": "10.0.0.8",
                "private_endpoint_subnetwork": "",
                "public_endpoint": "34.59.196.122"
              }
            ],
            "private_ipv6_google_access": "",
            "project": "smcghee-todo-p15n-38a6",
            "rbac_binding_config": [
              {
                "enable_insecure_binding_system_authenticated": true,
                "enable_insecure_binding_system_unauthenticated": true
              }
            ],
            "release_channel": [
              {
                "channel": "REGULAR"
              }
            ],
            "remove_default_node_pool": true,
            "resource_labels": {},
            "resource_usage_export_config": [],
            "secret_manager_config": [
              {
                "enabled": false,
                "rotation_config": []
              }
            ],
            "security_posture_config": [
              {
                "mode": "BASIC",
                "vulnerability_mode": "VULNERABILITY_MODE_UNSPECIFIED"
              }
            ],
            "self_link": "https://container.googleapis.com/v1/projects/smcghee-todo-p15n-38a6/locations/us-central1/clusters/todo-app-cluster",
            "service_external_ips_config": [
              {
                "enabled": false
              }
            ],
            "services_ipv4_cidr": "34.118.224.0/22",
            "subnetwork": "projects/smcghee-todo-p15n-38a6/regions/us-central1/subnetworks/smcghee-todo-p15n-38a6-subnet",
            "terraform_labels": {
              "goog-terraform-provisioned": "true"
            },
            "timeouts": null,
            "tpu_ipv4_cidr_block": "",
            "user_managed_keys_config": [],
            "vertical_pod_autoscaling": [],
            "workload_identity_config": [
              {
                "workload_pool": "smcghee-todo-p15n-38a6.svc.id.goog"
              }
            ]
          },
          "sensitive_attributes": [
            [
              {
                "type": "get_attr",
                "value": "master_auth"
              },
              {
                "type": "index",
                "value": {
                  "value": 0,
                  "type": "number"
                }
              },
              {
                "type": "get_attr",
                "value": "client_key"
              }
            ]
          ],
          "identity_schema_version": 0,
          "private": "eyJlMmJmYjczMC1lY2FhLTExZTYtOGY4OC0zNDM2M2JjN2M0YzAiOnsiY3JlYXRlIjoyNDAwMDAwMDAwMDAwLCJkZWxldGUiOjI0MDAwMDAwMDAwMDAsInJlYWQiOjI0MDAwMDAwMDAwMDAsInVwZGF0ZSI6MzYwMDAwMDAwMDAwMH0sInNjaGVtYV92ZXJzaW9uIjoiMiJ9",
          "dependencies": [
            "google_compute_network.main",
            "google_compute_subnetwork.private"
          ]
        }
      ]
    },
    {
      "mode": "managed",
      "type": "google_container_node_pool",
      "name": "primary_nodes",
      "provider": "provider[\"registry.terraform.io/hashicorp/google\"]",
      "instances": [
        {
          "schema_version": 1,
          "attributes": {
            "autoscaling": [],
            "cluster": "todo-app-cluster",
            "id": "projects/smcghee-todo-p15n-38a6/locations/us-central1/clusters/todo-app-cluster/nodePools/todo-app-cluster-node-pool",
            "initial_node_count": 2,
            "instance_group_urls": [
              "https://www.googleapis.com/compute/v1/projects/smcghee-todo-p15n-38a6/zones/us-central1-a/instanceGroupManagers/gke-todo-app-cluster-todo-app-cluster-fcb921cb-grp",
              "https://www.googleapis.com/compute/v1/projects/smcghee-todo-p15n-38a6/zones/us-central1-c/instanceGroupManagers/gke-todo-app-cluster-todo-app-cluster-6fe851fd-grp",
              "https://www.googleapis.com/compute/v1/projects/smcghee-todo-p15n-38a6/zones/us-central1-b/instanceGroupManagers/gke-todo-app-cluster-todo-app-cluster-3603abfd-grp"
            ],
            "location": "us-central1",
            "managed_instance_group_urls": [
              "https://www.googleapis.com/compute/v1/projects/smcghee-todo-p15n-38a6/zones/us-central1-a/instanceGroups/gke-todo-app-cluster-todo-app-cluster-fcb921cb-grp",
              "https://www.googleapis.com/compute/v1/projects/smcghee-todo-p15n-38a6/zones/us-central1-c/instanceGroups/gke-todo-app-cluster-todo-app-cluster-6fe851fd-grp",
              "https://www.googleapis.com/compute/v1/projects/smcghee-todo-p15n-38a6/zones/us-central1-b/instanceGroups/gke-todo-app-cluster-todo-app-cluster-3603abfd-grp"
            ],
            "management": [
              {
                "auto_repair": true,
                "auto_upgrade": true
              }
            ],
            "max_pods_per_node": 110,
            "name": "todo-app-cluster-node-pool",
            "name_prefix": "",
            "network_config": [
              {
                "additional_node_network_configs": [],
                "additional_pod_network_configs": [],
                "create_pod_range": false,
                "enable_private_nodes": false,
                "network_performance_config": [],
                "pod_cidr_overprovision_config": [],
                "pod_ipv4_cidr_block": "10.22.192.0/19",
                "pod_range": "gke-todo-app-cluster-pods-dfc9309b",
                "subnetwork": "projects/smcghee-todo-p15n-38a6/regions/us-central1/subnetworks/smcghee-todo-p15n-38a6-subnet"
              }
            ],
            "node_config": [
              {
                "advanced_machine_features": [],
                "boot_disk": [
                  {
                    "disk_type": "pd-balanced",
                    "provisioned_iops": 0,
                    "provisioned_throughput": 0,
                    "size_gb": 100
                  }
                ],
                "boot_disk_kms_key": "",
                "confidential_nodes": [],
                "containerd_config": [],
                "disk_size_gb": 100,
                "disk_type": "pd-balanced",
                "effective_taints": [],
                "enable_confidential_storage": false,
                "ephemeral_storage_local_ssd_config": [],
                "fast_socket": [],
                "flex_start": false,
                "gcfs_config": [],
                "guest_accelerator": [],
                "gvnic": [],
                "host_maintenance_policy": [],
                "image_type": "COS_CONTAINERD",
                "kubelet_config": [
                  {
                    "allowed_unsafe_sysctls": [],
                    "container_log_max_files": 0,
                    "container_log_max_size": "",
                    "cpu_cfs_quota": false,
                    "cpu_cfs_quota_period": "",
                    "cpu_manager_policy": "",
                    "eviction_max_pod_grace_period_seconds": 0,
                    "eviction_minimum_reclaim": [],
                    "eviction_soft": [],
                    "eviction_soft_grace_period": [],
                    "image_gc_high_threshold_percent": 0,
                    "image_gc_low_threshold_percent": 0,
                    "image_maximum_gc_age": "",
                    "image_minimum_gc_age": "",
                    "insecure_kubelet_readonly_port_enabled": "FALSE",
                    "max_parallel_image_pulls": 2,
                    "memory_manager": [],
                    "pod_pids_limit": 0,
                    "single_process_oom_kill": false,
                    "topology_manager": []
                  }
                ],
                "labels": {},
                "linux_node_config": [],
                "local_nvme_ssd_block_config": [],
                "local_ssd_count": 0,
                "local_ssd_encryption_mode": "",
                "logging_variant": "DEFAULT",
                "machine_type": "e2-medium",
                "max_run_duration": "",
                "metadata": {
                  "disable-legacy-endpoints": "true"
                },
                "min_cpu_platform": "",
                "node_group": "",
                "oauth_scopes": [
                  "https://www.googleapis.com/auth/cloud-platform"
                ],
                "preemptible": false,
                "reservation_affinity": [],
                "resource_labels": {
                  "goog-gke-node-pool-provisioning-model": "on-demand"
                },
                "resource_manager_tags": {},
                "secondary_boot_disks": [],
                "service_account": "gke-node-sa@smcghee-todo-p15n-38a6.iam.gserviceaccount.com",
                "shielded_instance_config": [
                  {
                    "enable_integrity_monitoring": true,
                    "enable_secure_boot": false
                  }
                ],
                "sole_tenant_config": [],
                "spot": false,
                "storage_pools": [],
                "tags": [],
                "taint": [],
                "windows_node_config": [
                  {
                    "osversion": ""
                  }
                ],
                "workload_metadata_config": []
              }
            ],
            "node_count": 2,
            "node_locations": [
              "us-central1-a",
              "us-central1-b",
              "us-central1-c"
            ],
            "operation": null,
            "placement_policy": [],
            "project": "smcghee-todo-p15n-38a6",
            "queued_provisioning": [],
            "timeouts": null,
            "upgrade_settings": [
              {
                "blue_green_settings": [],
                "max_surge": 1,
                "max_unavailable": 0,
                "strategy": "SURGE"
              }
            ],
            "version": "1.33.5-gke.1201000"
          },
          "sensitive_attributes": [],
          "identity_schema_version": 0,
          "private": "eyJlMmJmYjczMC1lY2FhLTExZTYtOGY4OC0zNDM2M2JjN2M0YzAiOnsiY3JlYXRlIjoxODAwMDAwMDAwMDAwLCJkZWxldGUiOjE4MDAwMDAwMDAwMDAsInVwZGF0ZSI6MTgwMDAwMDAwMDAwMH0sInNjaGVtYV92ZXJzaW9uIjoiMSJ9",
          "dependencies": [
            "google_compute_network.main",
            "google_compute_subnetwork.private",
            "google_container_cluster.primary",
            "google_service_account.gke_node"
          ]
        }
      ]
    },
    {
      "mode": "managed",
      "type": "google_project_iam_member",
      "name": "artifact_writer",
      "provider": "provider[\"registry.terraform.io/hashicorp/google\"]",
      "instances": [
        {
          "schema_version": 0,
          "attributes": {
            "condition": [],
            "etag": "BwZEW3/gNSw=",
            "id": "smcghee-todo-p15n-38a6/roles/artifactregistry.writer/serviceAccount:github-actions-deployer@smcghee-todo-p15n-38a6.iam.gserviceaccount.com",
            "member": "serviceAccount:github-actions-deployer@smcghee-todo-p15n-38a6.iam.gserviceaccount.com",
            "project": "smcghee-todo-p15n-38a6",
            "role": "roles/artifactregistry.writer"
          },
          "sensitive_attributes": [],
          "identity_schema_version": 0,
          "private": "bnVsbA==",
          "dependencies": [
            "google_service_account.github_actions_deployer"
          ]
        }
      ]
    },
    {
      "mode": "managed",
      "type": "google_project_iam_member",
      "name": "gke_developer",
      "provider": "provider[\"registry.terraform.io/hashicorp/google\"]",
      "instances": [
        {
          "schema_version": 0,
          "attributes": {
            "condition": [],
            "etag": "BwZEW3/gNSw=",
            "id": "smcghee-todo-p15n-38a6/roles/container.developer/serviceAccount:github-actions-deployer@smcghee-todo-p15n-38a6.iam.gserviceaccount.com",
            "member": "serviceAccount:github-actions-deployer@smcghee-todo-p15n-38a6.iam.gserviceaccount.com",
            "project": "smcghee-todo-p15n-38a6",
            "role": "roles/container.developer"
          },
          "sensitive_attributes": [],
          "identity_schema_version": 0,
          "private": "bnVsbA==",
          "dependencies": [
            "google_service_account.github_actions_deployer"
          ]
        }
      ]
    },
    {
      "mode": "managed",
      "type": "google_project_iam_member",
      "name": "gke_node_artifact_reader",
      "provider": "provider[\"registry.terraform.io/hashicorp/google\"]",
      "instances": [
        {
          "schema_version": 0,
          "attributes": {
            "condition": [],
            "etag": "BwZEW3/gNSw=",
            "id": "smcghee-todo-p15n-38a6/roles/artifactregistry.reader/serviceAccount:gke-node-sa@smcghee-todo-p15n-38a6.iam.gserviceaccount.com",
            "member": "serviceAccount:gke-node-sa@smcghee-todo-p15n-38a6.iam.gserviceaccount.com",
            "project": "smcghee-todo-p15n-38a6",
            "role": "roles/artifactregistry.reader"
          },
          "sensitive_attributes": [],
          "identity_schema_version": 0,
          "private": "bnVsbA==",
          "dependencies": [
            "google_service_account.gke_node"
          ]
        }
      ]
    },
    {
      "mode": "managed",
      "type": "google_project_iam_member",
      "name": "gke_node_logging_writer",
      "provider": "provider[\"registry.terraform.io/hashicorp/google\"]",
      "instances": [
        {
          "schema_version": 0,
          "attributes": {
            "condition": [],
            "etag": "BwZEW3/gNSw=",
            "id": "smcghee-todo-p15n-38a6/roles/logging.logWriter/serviceAccount:gke-node-sa@smcghee-todo-p15n-38a6.iam.gserviceaccount.com",
            "member": "serviceAccount:gke-node-sa@smcghee-todo-p15n-38a6.iam.gserviceaccount.com",
            "project": "smcghee-todo-p15n-38a6",
            "role": "roles/logging.logWriter"
          },
          "sensitive_attributes": [],
          "identity_schema_version": 0,
          "private": "bnVsbA==",
          "dependencies": [
            "google_service_account.gke_node"
          ]
        }
      ]
    },
    {
      "mode": "managed",
      "type": "google_project_iam_member",
      "name": "gke_node_monitoring_writer",
      "provider": "provider[\"registry.terraform.io/hashicorp/google\"]",
      "instances": [
        {
          "schema_version": 0,
          "attributes": {
            "condition": [],
            "etag": "BwZEW3/gNSw=",
            "id": "smcghee-todo-p15n-38a6/roles/monitoring.metricWriter/serviceAccount:gke-node-sa@smcghee-todo-p15n-38a6.iam.gserviceaccount.com",
            "member": "serviceAccount:gke-node-sa@smcghee-todo-p15n-38a6.iam.gserviceaccount.com",
            "project": "smcghee-todo-p15n-38a6",
            "role": "roles/monitoring.metricWriter"
          },
          "sensitive_attributes": [],
          "identity_schema_version": 0,
          "private": "bnVsbA==",
          "dependencies": [
            "google_service_account.gke_node"
          ]
        }
      ]
    },
    {
      "mode": "managed",
      "type": "google_project_iam_member",
      "name": "gke_node_sql_client",
      "provider": "provider[\"registry.terraform.io/hashicorp/google\"]",
      "instances": [
        {
          "schema_version": 0,
          "attributes": {
            "condition": [],
            "etag": "BwZEW3/gNSw=",
            "id": "smcghee-todo-p15n-38a6/roles/cloudsql.client/serviceAccount:gke-node-sa@smcghee-todo-p15n-38a6.iam.gserviceaccount.com",
            "member": "serviceAccount:gke-node-sa@smcghee-todo-p15n-38a6.iam.gserviceaccount.com",
            "project": "smcghee-todo-p15n-38a6",
            "role": "roles/cloudsql.client"
          },
          "sensitive_attributes": [],
          "identity_schema_version": 0,
          "private": "bnVsbA==",
          "dependencies": [
            "google_service_account.gke_node"
          ]
        }
      ]
    },
    {
      "mode": "managed",
      "type": "google_project_iam_member",
      "name": "secret_accessor",
      "provider": "provider[\"registry.terraform.io/hashicorp/google\"]",
      "instances": [
        {
          "schema_version": 0,
          "attributes": {
            "condition": [],
            "etag": "BwZEW3/gNSw=",
            "id": "smcghee-todo-p15n-38a6/roles/secretmanager.secretAccessor/serviceAccount:todo-app-sa@smcghee-todo-p15n-38a6.iam.gserviceaccount.com",
            "member": "serviceAccount:todo-app-sa@smcghee-todo-p15n-38a6.iam.gserviceaccount.com",
            "project": "smcghee-todo-p15n-38a6",
            "role": "roles/secretmanager.secretAccessor"
          },
          "sensitive_attributes": [],
          "identity_schema_version": 0,
          "private": "bnVsbA==",
          "dependencies": [
            "google_service_account.todo_app_sa"
          ]
        }
      ]
    },
    {
      "mode": "managed",
      "type": "google_project_iam_member",
      "name": "sql_client",
      "provider": "provider[\"registry.terraform.io/hashicorp/google\"]",
      "instances": [
        {
          "schema_version": 0,
          "attributes": {
            "condition": [],
            "etag": "BwZEW3/gNSw=",
            "id": "smcghee-todo-p15n-38a6/roles/cloudsql.client/serviceAccount:todo-app-sa@smcghee-todo-p15n-38a6.iam.gserviceaccount.com",
            "member": "serviceAccount:todo-app-sa@smcghee-todo-p15n-38a6.iam.gserviceaccount.com",
            "project": "smcghee-todo-p15n-38a6",
            "role": "roles/cloudsql.client"
          },
          "sensitive_attributes": [],
          "identity_schema_version": 0,
          "private": "bnVsbA==",
          "dependencies": [
            "google_service_account.todo_app_sa"
          ]
        }
      ]
    },
    {
      "mode": "managed",
      "type": "google_project_iam_member",
      "name": "sql_instance_user",
      "provider": "provider[\"registry.terraform.io/hashicorp/google\"]",
      "instances": [
        {
          "schema_version": 0,
          "attributes": {
            "condition": [],
            "etag": "BwZEW3/gNSw=",
            "id": "smcghee-todo-p15n-38a6/roles/cloudsql.instanceUser/serviceAccount:todo-app-sa@smcghee-todo-p15n-38a6.iam.gserviceaccount.com",
            "member": "serviceAccount:todo-app-sa@smcghee-todo-p15n-38a6.iam.gserviceaccount.com",
            "project": "smcghee-todo-p15n-38a6",
            "role": "roles/cloudsql.instanceUser"
          },
          "sensitive_attributes": [],
          "identity_schema_version": 0,
          "private": "bnVsbA==",
          "dependencies": [
            "google_service_account.todo_app_sa"
          ]
        }
      ]
    },
    {
      "mode": "managed",
      "type": "google_project_service",
      "name": "artifactregistry_api",
      "provider": "provider[\"registry.terraform.io/hashicorp/google\"]",
      "instances": [
        {
          "schema_version": 0,
          "attributes": {
            "disable_dependent_services": null,
            "disable_on_destroy": false,
            "id": "smcghee-todo-p15n-38a6/artifactregistry.googleapis.com",
            "project": "smcghee-todo-p15n-38a6",
            "service": "artifactregistry.googleapis.com",
            "timeouts": null
          },
          "sensitive_attributes": [],
          "identity_schema_version": 0,
          "private": "eyJlMmJmYjczMC1lY2FhLTExZTYtOGY4OC0zNDM2M2JjN2M0YzAiOnsiY3JlYXRlIjoxMjAwMDAwMDAwMDAwLCJkZWxldGUiOjEyMDAwMDAwMDAwMDAsInJlYWQiOjYwMDAwMDAwMDAwMCwidXBkYXRlIjoxMjAwMDAwMDAwMDAwfX0="
        }
      ]
    },
    {
      "mode": "managed",
      "type": "google_project_service",
      "name": "cloudresourcemanager_api",
      "provider": "provider[\"registry.terraform.io/hashicorp/google\"]",
      "instances": [
        {
          "schema_version": 0,
          "attributes": {
            "disable_dependent_services": null,
            "disable_on_destroy": false,
            "id": "smcghee-todo-p15n-38a6/cloudresourcemanager.googleapis.com",
            "project": "smcghee-todo-p15n-38a6",
            "service": "cloudresourcemanager.googleapis.com",
            "timeouts": null
          },
          "sensitive_attributes": [],
          "identity_schema_version": 0,
          "private": "eyJlMmJmYjczMC1lY2FhLTExZTYtOGY4OC0zNDM2M2JjN2M0YzAiOnsiY3JlYXRlIjoxMjAwMDAwMDAwMDAwLCJkZWxldGUiOjEyMDAwMDAwMDAwMDAsInJlYWQiOjYwMDAwMDAwMDAwMCwidXBkYXRlIjoxMjAwMDAwMDAwMDAwfX0="
        }
      ]
    },
    {
      "mode": "managed",
      "type": "google_project_service",
      "name": "compute_api",
      "provider": "provider[\"registry.terraform.io/hashicorp/google\"]",
      "instances": [
        {
          "schema_version": 0,
          "attributes": {
            "disable_dependent_services": null,
            "disable_on_destroy": false,
            "id": "smcghee-todo-p15n-38a6/compute.googleapis.com",
            "project": "smcghee-todo-p15n-38a6",
            "service": "compute.googleapis.com",
            "timeouts": null
          },
          "sensitive_attributes": [],
          "identity_schema_version": 0,
          "private": "eyJlMmJmYjczMC1lY2FhLTExZTYtOGY4OC0zNDM2M2JjN2M0YzAiOnsiY3JlYXRlIjoxMjAwMDAwMDAwMDAwLCJkZWxldGUiOjEyMDAwMDAwMDAwMDAsInJlYWQiOjYwMDAwMDAwMDAwMCwidXBkYXRlIjoxMjAwMDAwMDAwMDAwfX0="
        }
      ]
    },
    {
      "mode": "managed",
      "type": "google_project_service",
      "name": "container_api",
      "provider": "provider[\"registry.terraform.io/hashicorp/google\"]",
      "instances": [
        {
          "schema_version": 0,
          "attributes": {
            "disable_dependent_services": null,
            "disable_on_destroy": false,
            "id": "smcghee-todo-p15n-38a6/container.googleapis.com",
            "project": "smcghee-todo-p15n-38a6",
            "service": "container.googleapis.com",
            "timeouts": null
          },
          "sensitive_attributes": [],
          "identity_schema_version": 0,
          "private": "eyJlMmJmYjczMC1lY2FhLTExZTYtOGY4OC0zNDM2M2JjN2M0YzAiOnsiY3JlYXRlIjoxMjAwMDAwMDAwMDAwLCJkZWxldGUiOjEyMDAwMDAwMDAwMDAsInJlYWQiOjYwMDAwMDAwMDAwMCwidXBkYXRlIjoxMjAwMDAwMDAwMDAwfX0="
        }
      ]
    },
    {
      "mode": "managed",
      "type": "google_project_service",
      "name": "iam_api",
      "provider": "provider[\"registry.terraform.io/hashicorp/google\"]",
      "instances": [
        {
          "schema_version": 0,
          "attributes": {
            "disable_dependent_services": null,
            "disable_on_destroy": false,
            "id": "smcghee-todo-p15n-38a6/iam.googleapis.com",
            "project": "smcghee-todo-p15n-38a6",
            "service": "iam.googleapis.com",
            "timeouts": null
          },
          "sensitive_attributes": [],
          "identity_schema_version": 0,
          "private": "eyJlMmJmYjczMC1lY2FhLTExZTYtOGY4OC0zNDM2M2JjN2M0YzAiOnsiY3JlYXRlIjoxMjAwMDAwMDAwMDAwLCJkZWxldGUiOjEyMDAwMDAwMDAwMDAsInJlYWQiOjYwMDAwMDAwMDAwMCwidXBkYXRlIjoxMjAwMDAwMDAwMDAwfX0="
        }
      ]
    },
    {
      "mode": "managed",
      "type": "google_project_service",
      "name": "iamcredentials_api",
      "provider": "provider[\"registry.terraform.io/hashicorp/google\"]",
      "instances": [
        {
          "schema_version": 0,
          "attributes": {
            "disable_dependent_services": null,
            "disable_on_destroy": false,
            "id": "smcghee-todo-p15n-38a6/iamcredentials.googleapis.com",
            "project": "smcghee-todo-p15n-38a6",
            "service": "iamcredentials.googleapis.com",
            "timeouts": null
          },
          "sensitive_attributes": [],
          "identity_schema_version": 0,
          "private": "eyJlMmJmYjczMC1lY2FhLTExZTYtOGY4OC0zNDM2M2JjN2M0YzAiOnsiY3JlYXRlIjoxMjAwMDAwMDAwMDAwLCJkZWxldGUiOjEyMDAwMDAwMDAwMDAsInJlYWQiOjYwMDAwMDAwMDAwMCwidXBkYXRlIjoxMjAwMDAwMDAwMDAwfX0="
        }
      ]
    },
    {
      "mode": "managed",
      "type": "google_project_service",
      "name": "logging_api",
      "provider": "provider[\"registry.terraform.io/hashicorp/google\"]",
      "instances": [
        {
          "schema_version": 0,
          "attributes": {
            "disable_dependent_services": null,
            "disable_on_destroy": false,
            "id": "smcghee-todo-p15n-38a6/logging.googleapis.com",
            "project": "smcghee-todo-p15n-38a6",
            "service": "logging.googleapis.com",
            "timeouts": null
          },
          "sensitive_attributes": [],
          "identity_schema_version": 0,
          "private": "eyJlMmJmYjczMC1lY2FhLTExZTYtOGY4OC0zNDM2M2JjN2M0YzAiOnsiY3JlYXRlIjoxMjAwMDAwMDAwMDAwLCJkZWxldGUiOjEyMDAwMDAwMDAwMDAsInJlYWQiOjYwMDAwMDAwMDAwMCwidXBkYXRlIjoxMjAwMDAwMDAwMDAwfX0="
        }
      ]
    },
    {
      "mode": "managed",
      "type": "google_project_service",
      "name": "secretmanager_api",
      "provider": "provider[\"registry.terraform.io/hashicorp/google\"]",
      "instances": [
        {
          "schema_version": 0,
          "attributes": {
            "disable_dependent_services": null,
            "disable_on_destroy": false,
            "id": "smcghee-todo-p15n-38a6/secretmanager.googleapis.com",
            "project": "smcghee-todo-p15n-38a6",
            "service": "secretmanager.googleapis.com",
            "timeouts": null
          },
          "sensitive_attributes": [],
          "identity_schema_version": 0,
          "private": "eyJlMmJmYjczMC1lY2FhLTExZTYtOGY4OC0zNDM2M2JjN2M0YzAiOnsiY3JlYXRlIjoxMjAwMDAwMDAwMDAwLCJkZWxldGUiOjEyMDAwMDAwMDAwMDAsInJlYWQiOjYwMDAwMDAwMDAwMCwidXBkYXRlIjoxMjAwMDAwMDAwMDAwfX0="
        }
      ]
    },
    {
      "mode": "managed",
      "type": "google_project_service",
      "name": "sqladmin_api",
      "provider": "provider[\"registry.terraform.io/hashicorp/google\"]",
      "instances": [
        {
          "schema_version": 0,
          "attributes": {
            "disable_dependent_services": null,
            "disable_on_destroy": false,
            "id": "smcghee-todo-p15n-38a6/sqladmin.googleapis.com",
            "project": "smcghee-todo-p15n-38a6",
            "service": "sqladmin.googleapis.com",
            "timeouts": null
          },
          "sensitive_attributes": [],
          "identity_schema_version": 0,
          "private": "eyJlMmJmYjczMC1lY2FhLTExZTYtOGY4OC0zNDM2M2JjN2M0YzAiOnsiY3JlYXRlIjoxMjAwMDAwMDAwMDAwLCJkZWxldGUiOjEyMDAwMDAwMDAwMDAsInJlYWQiOjYwMDAwMDAwMDAwMCwidXBkYXRlIjoxMjAwMDAwMDAwMDAwfX0="
        }
      ]
    },
    {
      "mode": "managed",
      "type": "google_secret_manager_secret",
      "name": "db_password",
      "provider": "provider[\"registry.terraform.io/hashicorp/google\"]",
      "instances": [
        {
          "schema_version": 0,
          "attributes": {
            "annotations": {},
            "create_time": "2025-11-24T17:03:48.048963Z",
            "deletion_protection": false,
            "effective_annotations": {},
            "effective_labels": {
              "goog-terraform-provisioned": "true"
            },
            "expire_time": "",
            "id": "projects/smcghee-todo-p15n-38a6/secrets/db-password",
            "labels": {},
            "name": "projects/161959474208/secrets/db-password",
            "project": "smcghee-todo-p15n-38a6",
            "replication": [
              {
                "auto": [
                  {
                    "customer_managed_encryption": []
                  }
                ],
                "user_managed": []
              }
            ],
            "rotation": [],
            "secret_id": "db-password",
            "tags": null,
            "terraform_labels": {
              "goog-terraform-provisioned": "true"
            },
            "timeouts": null,
            "topics": [],
            "ttl": null,
            "version_aliases": {},
            "version_destroy_ttl": ""
          },
          "sensitive_attributes": [],
          "identity_schema_version": 0,
          "private": "eyJlMmJmYjczMC1lY2FhLTExZTYtOGY4OC0zNDM2M2JjN2M0YzAiOnsiY3JlYXRlIjoxMjAwMDAwMDAwMDAwLCJkZWxldGUiOjEyMDAwMDAwMDAwMDAsInVwZGF0ZSI6MTIwMDAwMDAwMDAwMH19"
        }
      ]
    },
    {
      "mode": "managed",
      "type": "google_secret_manager_secret_version",
      "name": "db_password_version",
      "provider": "provider[\"registry.terraform.io/hashicorp/google\"]",
      "instances": [
        {
          "schema_version": 0,
          "attributes": {
            "create_time": "2025-11-24T17:03:49.403895Z",
            "deletion_policy": "DELETE",
            "destroy_time": "",
            "enabled": true,
            "id": "projects/161959474208/secrets/db-password/versions/1",
            "is_secret_data_base64": false,
            "name": "projects/161959474208/secrets/db-password/versions/1",
            "project": null,
            "secret": "projects/smcghee-todo-p15n-38a6/secrets/db-password",
            "secret_data": "password123",
            "secret_data_wo": null,
            "secret_data_wo_version": 0,
            "timeouts": null,
            "version": "1"
          },
          "sensitive_attributes": [
            [
              {
                "type": "get_attr",
                "value": "secret_data"
              }
            ]
          ],
          "identity_schema_version": 0,
          "private": "eyJlMmJmYjczMC1lY2FhLTExZTYtOGY4OC0zNDM2M2JjN2M0YzAiOnsiY3JlYXRlIjoxMjAwMDAwMDAwMDAwLCJkZWxldGUiOjEyMDAwMDAwMDAwMDAsInVwZGF0ZSI6MTIwMDAwMDAwMDAwMH19",
          "dependencies": [
            "google_secret_manager_secret.db_password"
          ]
        }
      ]
    },
    {
      "mode": "managed",
      "type": "google_service_account",
      "name": "github_actions_deployer",
      "provider": "provider[\"registry.terraform.io/hashicorp/google\"]",
      "instances": [
        {
          "schema_version": 0,
          "attributes": {
            "account_id": "github-actions-deployer",
            "create_ignore_already_exists": null,
            "description": "",
            "disabled": false,
            "display_name": "GitHub Actions Deployer SA",
            "email": "github-actions-deployer@smcghee-todo-p15n-38a6.iam.gserviceaccount.com",
            "id": "projects/smcghee-todo-p15n-38a6/serviceAccounts/github-actions-deployer@smcghee-todo-p15n-38a6.iam.gserviceaccount.com",
            "member": "serviceAccount:github-actions-deployer@smcghee-todo-p15n-38a6.iam.gserviceaccount.com",
            "name": "projects/smcghee-todo-p15n-38a6/serviceAccounts/github-actions-deployer@smcghee-todo-p15n-38a6.iam.gserviceaccount.com",
            "project": "smcghee-todo-p15n-38a6",
            "timeouts": null,
            "unique_id": "113515954489938235761"
          },
          "sensitive_attributes": [],
          "identity_schema_version": 0,
          "private": "eyJlMmJmYjczMC1lY2FhLTExZTYtOGY4OC0zNDM2M2JjN2M0YzAiOnsiY3JlYXRlIjozMDAwMDAwMDAwMDB9fQ=="
        }
      ]
    },
    {
      "mode": "managed",
      "type": "google_service_account",
      "name": "gke_node",
      "provider": "provider[\"registry.terraform.io/hashicorp/google\"]",
      "instances": [
        {
          "schema_version": 0,
          "attributes": {
            "account_id": "gke-node-sa",
            "create_ignore_already_exists": null,
            "description": "",
            "disabled": false,
            "display_name": "GKE Node Service Account",
            "email": "gke-node-sa@smcghee-todo-p15n-38a6.iam.gserviceaccount.com",
            "id": "projects/smcghee-todo-p15n-38a6/serviceAccounts/gke-node-sa@smcghee-todo-p15n-38a6.iam.gserviceaccount.com",
            "member": "serviceAccount:gke-node-sa@smcghee-todo-p15n-38a6.iam.gserviceaccount.com",
            "name": "projects/smcghee-todo-p15n-38a6/serviceAccounts/gke-node-sa@smcghee-todo-p15n-38a6.iam.gserviceaccount.com",
            "project": "smcghee-todo-p15n-38a6",
            "timeouts": null,
            "unique_id": "118358846078770783988"
          },
          "sensitive_attributes": [],
          "identity_schema_version": 0,
          "private": "eyJlMmJmYjczMC1lY2FhLTExZTYtOGY4OC0zNDM2M2JjN2M0YzAiOnsiY3JlYXRlIjozMDAwMDAwMDAwMDB9fQ=="
        }
      ]
    },
    {
      "mode": "managed",
      "type": "google_service_account",
      "name": "todo_app_sa",
      "provider": "provider[\"registry.terraform.io/hashicorp/google\"]",
      "instances": [
        {
          "schema_version": 0,
          "attributes": {
            "account_id": "todo-app-sa",
            "create_ignore_already_exists": null,
            "description": "",
            "disabled": false,
            "display_name": "Todo App Service Account",
            "email": "todo-app-sa@smcghee-todo-p15n-38a6.iam.gserviceaccount.com",
            "id": "projects/smcghee-todo-p15n-38a6/serviceAccounts/todo-app-sa@smcghee-todo-p15n-38a6.iam.gserviceaccount.com",
            "member": "serviceAccount:todo-app-sa@smcghee-todo-p15n-38a6.iam.gserviceaccount.com",
            "name": "projects/smcghee-todo-p15n-38a6/serviceAccounts/todo-app-sa@smcghee-todo-p15n-38a6.iam.gserviceaccount.com",
            "project": "smcghee-todo-p15n-38a6",
            "timeouts": null,
            "unique_id": "117544306566215730568"
          },
          "sensitive_attributes": [],
          "identity_schema_version": 0,
          "private": "eyJlMmJmYjczMC1lY2FhLTExZTYtOGY4OC0zNDM2M2JjN2M0YzAiOnsiY3JlYXRlIjozMDAwMDAwMDAwMDB9fQ=="
        }
      ]
    },
    {
      "mode": "managed",
      "type": "google_service_account_iam_member",
      "name": "workload_identity_binding",
      "provider": "provider[\"registry.terraform.io/hashicorp/google\"]",
      "instances": [
        {
          "schema_version": 0,
          "attributes": {
            "condition": [],
            "etag": "BwZEWrdyMBQ=",
            "id": "projects/smcghee-todo-p15n-38a6/serviceAccounts/todo-app-sa@smcghee-todo-p15n-38a6.iam.gserviceaccount.com/roles/iam.workloadIdentityUser/serviceAccount:smcghee-todo-p15n-38a6.svc.id.goog[default/todo-app-sa]",
            "member": "serviceAccount:smcghee-todo-p15n-38a6.svc.id.goog[default/todo-app-sa]",
            "role": "roles/iam.workloadIdentityUser",
            "service_account_id": "projects/smcghee-todo-p15n-38a6/serviceAccounts/todo-app-sa@smcghee-todo-p15n-38a6.iam.gserviceaccount.com"
          },
          "sensitive_attributes": [],
          "identity_schema_version": 0,
          "private": "eyJzY2hlbWFfdmVyc2lvbiI6IjAifQ==",
          "dependencies": [
            "google_service_account.todo_app_sa"
          ]
        }
      ]
    },
    {
      "mode": "managed",
      "type": "google_sql_database",
      "name": "database",
      "provider": "provider[\"registry.terraform.io/hashicorp/google\"]",
      "instances": [
        {
          "schema_version": 0,
          "attributes": {
            "charset": "UTF8",
            "collation": "en_US.UTF8",
            "deletion_policy": "DELETE",
            "id": "projects/smcghee-todo-p15n-38a6/instances/todo-app-db-instance/databases/todoapp_db",
            "instance": "todo-app-db-instance",
            "name": "todoapp_db",
            "project": "smcghee-todo-p15n-38a6",
            "self_link": "https://sqladmin.googleapis.com/sql/v1beta4/projects/smcghee-todo-p15n-38a6/instances/todo-app-db-instance/databases/todoapp_db",
            "timeouts": null
          },
          "sensitive_attributes": [],
          "identity_schema_version": 0,
          "private": "eyJlMmJmYjczMC1lY2FhLTExZTYtOGY4OC0zNDM2M2JjN2M0YzAiOnsiY3JlYXRlIjoxMjAwMDAwMDAwMDAwLCJkZWxldGUiOjEyMDAwMDAwMDAwMDAsInVwZGF0ZSI6MTIwMDAwMDAwMDAwMH19",
          "dependencies": [
            "google_sql_database_instance.main_instance"
          ]
        }
      ]
    },
    {
      "mode": "managed",
      "type": "google_sql_database_instance",
      "name": "main_instance",
      "provider": "provider[\"registry.terraform.io/hashicorp/google\"]",
      "instances": [
        {
          "schema_version": 0,
          "attributes": {
            "available_maintenance_versions": [],
            "backupdr_backup": null,
            "clone": [],
            "connection_name": "smcghee-todo-p15n-38a6:us-central1:todo-app-db-instance",
            "database_version": "POSTGRES_14",
            "deletion_protection": true,
            "dns_name": "",
            "dns_names": [],
            "encryption_key_name": null,
            "final_backup_description": null,
            "first_ip_address": "136.111.204.68",
            "id": "todo-app-db-instance",
            "instance_type": "CLOUD_SQL_INSTANCE",
            "ip_address": [
              {
                "ip_address": "136.111.204.68",
                "time_to_retire": "",
                "type": "PRIMARY"
              }
            ],
            "maintenance_version": "POSTGRES_14_20.R20251004.01_19",
            "master_instance_name": "",
            "name": "todo-app-db-instance",
            "node_count": 0,
            "point_in_time_restore_context": [],
            "private_ip_address": "",
            "project": "smcghee-todo-p15n-38a6",
            "psc_service_attachment_link": "",
            "public_ip_address": "136.111.204.68",
            "region": "us-central1",
            "replica_configuration": [],
            "replica_names": [],
            "replication_cluster": [
              {
                "dr_replica": false,
                "failover_dr_replica_name": "",
                "psa_write_endpoint": ""
              }
            ],
            "restore_backup_context": [],
            "root_password": null,
            "self_link": "https://sqladmin.googleapis.com/sql/v1beta4/projects/smcghee-todo-p15n-38a6/instances/todo-app-db-instance",
            "server_ca_cert": [
              {
                "cert": "-----BEGIN CERTIFICATE-----\nMIIDfzCCAmegAwIBAgIBADANBgkqhkiG9w0BAQsFADB3MS0wKwYDVQQuEyQyM2Fi\nNWQxYi0yMjhlLTQyNDQtODQzYy1lZGNkZmU0MGZiYWUxIzAhBgNVBAMTGkdvb2ds\nZSBDbG91ZCBTUUwgU2VydmVyIENBMRQwEgYDVQQKEwtHb29nbGUsIEluYzELMAkG\nA1UEBhMCVVMwHhcNMjUxMTIwMDExNDM0WhcNMzUxMTE4MDExNTM0WjB3MS0wKwYD\nVQQuEyQyM2FiNWQxYi0yMjhlLTQyNDQtODQzYy1lZGNkZmU0MGZiYWUxIzAhBgNV\nBAMTGkdvb2dsZSBDbG91ZCBTUUwgU2VydmVyIENBMRQwEgYDVQQKEwtHb29nbGUs\nIEluYzELMAkGA1UEBhMCVVMwggEiMA0GCSqGSIb3DQEBAQUAA4IBDwAwggEKAoIB\nAQCvhOshOfmP5NTN8tCuSjcLUCSojeeFnHTK2OuSK0hJ2nPHf7XGeyXiypG5G66m\nn0VWH5vKvmu3XhnlXPFaQiWXoZAlt7y5xbnWkvl59f1oLE1lSJGPvQxkPCkafw2R\nztwpx9nbOEbp1hItYJAtgmOcnBbMdh1nISG2hO7aGHXij7S2Q2XNaKx4LW6zM6Zy\nC4ML1K7wxRdjNVrtsVJyoYktcrgk2S+cBLGFa7u67dzD9pt+bFHEp938E4A3RAZz\nrSvMpjQkimCccvqKWPIcCpAqld7zpDoiGIX08Nb8SWBmLp22JsPZwLxbpFulWgNy\nZf2RZRtgEBB6aZzrfMOG9T8tAgMBAAGjFjAUMBIGA1UdEwEB/wQIMAYBAf8CAQAw\nDQYJKoZIhvcNAQELBQADggEBAFghUcbnYdHVy9JL8qAd1qUC4dKIvWOdG12StJRB\n5tN/flG8RjCfiZYgcLD/V/+yYYC0/aoK4w4WBDdyjvDSkdpr7l2PS9azLjhwgTRo\nKjJ/UFOcTkXMMBO8aDFtUhFYXzpfrr8pFfocmSUZCZlFsx+BA9jQaKiTnhMatVy1\nytO0j8F8a1AwWuKi3CTXQ2dQex4FKZCWIrjWW+YXpH3soFsadt5dOJvAkB8lEM29\no7Z8cyLq2AgHORQLQ3w6g+F02lbkJcRULFVukTRjZ7Qj/LbGPCGHhX8lej7Z/bK0\nK3vRb0sJ7fGYZlH5SpCo1X+Mk73QsZImJIZz5kDOgshvdCA=\n-----END CERTIFICATE-----",
                "common_name": "C=US,O=Google\\, Inc,CN=Google Cloud SQL Server CA,dnQualifier=23ab5d1b-228e-4244-843c-edcdfe40fbae",
                "create_time": "2025-11-20T01:14:34.581Z",
                "expiration_time": "2035-11-18T01:15:34.581Z",
                "sha1_fingerprint": "9eafed737c5e8fa5d8beeac63b22b59b06b91699"
              }
            ],
            "service_account_email_address": "p161959474208-g41o7h@gcp-sa-cloud-sql.iam.gserviceaccount.com",
            "settings": [
              {
                "activation_policy": "ALWAYS",
                "active_directory_config": [],
                "advanced_machine_features": [],
                "availability_type": "REGIONAL",
                "backup_configuration": [
                  {
                    "backup_retention_settings": [
                      {
                        "retained_backups": 7,
                        "retention_unit": "COUNT"
                      }
                    ],
                    "binary_log_enabled": false,
                    "enabled": true,
                    "location": "",
                    "point_in_time_recovery_enabled": false,
                    "start_time": "03:00",
                    "transaction_log_retention_days": 7
                  }
                ],
                "collation": "",
                "connection_pool_config": [],
                "connector_enforcement": "NOT_REQUIRED",
                "data_cache_config": [
                  {
                    "data_cache_enabled": false
                  }
                ],
                "database_flags": [
                  {
                    "name": "cloudsql.iam_authentication",
                    "value": "on"
                  }
                ],
                "deletion_protection_enabled": false,
                "deny_maintenance_period": [],
                "disk_autoresize": true,
                "disk_autoresize_limit": 0,
                "disk_size": 10,
                "disk_type": "PD_SSD",
                "edition": "ENTERPRISE",
                "effective_availability_type": "REGIONAL",
                "enable_dataplex_integration": false,
                "enable_google_ml_integration": false,
                "final_backup_config": [],
                "insights_config": [],
                "ip_configuration": [
                  {
                    "allocated_ip_range": "",
                    "authorized_networks": [],
                    "custom_subject_alternative_names": [],
                    "enable_private_path_for_google_cloud_services": false,
                    "ipv4_enabled": true,
                    "private_network": "",
                    "psc_config": [],
                    "server_ca_mode": "GOOGLE_MANAGED_INTERNAL_CA",
                    "server_ca_pool": "",
                    "ssl_mode": "ALLOW_UNENCRYPTED_AND_ENCRYPTED"
                  }
                ],
                "location_preference": [
                  {
                    "follow_gae_application": "",
                    "secondary_zone": "",
                    "zone": "us-central1-a"
                  }
                ],
                "maintenance_window": [
                  {
                    "day": 7,
                    "hour": 3,
                    "update_track": ""
                  }
                ],
                "password_validation_policy": [],
                "pricing_plan": "PER_USE",
                "read_pool_auto_scale_config": [
                  {
                    "disable_scale_in": false,
                    "enabled": false,
                    "max_node_count": 0,
                    "min_node_count": 0,
                    "scale_in_cooldown_seconds": 0,
                    "scale_out_cooldown_seconds": 0,
                    "target_metrics": []
                  }
                ],
                "retain_backups_on_delete": false,
                "sql_server_audit_config": [],
                "tier": "db-custom-1-3840",
                "time_zone": "",
                "user_labels": {},
                "version": 37
              }
            ],
            "timeouts": null
          },
          "sensitive_attributes": [
            [
              {
                "type": "get_attr",
                "value": "root_password"
              }
            ],
            [
              {
                "type": "get_attr",
                "value": "server_ca_cert"
              }
            ]
          ],
          "identity_schema_version": 0,
          "private": "eyJlMmJmYjczMC1lY2FhLTExZTYtOGY4OC0zNDM2M2JjN2M0YzAiOnsiY3JlYXRlIjo1NDAwMDAwMDAwMDAwLCJkZWxldGUiOjU0MDAwMDAwMDAwMDAsInVwZGF0ZSI6NTQwMDAwMDAwMDAwMH19"
        }
      ]
    },
    {
      "mode": "managed",
      "type": "google_sql_user",
      "name": "iam_user",
      "provider": "provider[\"registry.terraform.io/hashicorp/google\"]",
      "instances": [
        {
          "schema_version": 1,
          "attributes": {
            "deletion_policy": null,
            "host": "",
            "id": "todo-app-sa@smcghee-todo-p15n-38a6.iam//todo-app-db-instance",
            "instance": "todo-app-db-instance",
            "name": "todo-app-sa@smcghee-todo-p15n-38a6.iam",
            "password": null,
            "password_policy": [],
            "password_wo": null,
            "password_wo_version": null,
            "project": "smcghee-todo-p15n-38a6",
            "sql_server_user_details": [],
            "timeouts": null,
            "type": "CLOUD_IAM_SERVICE_ACCOUNT"
          },
          "sensitive_attributes": [
            [
              {
                "type": "get_attr",
                "value": "password"
              }
            ]
          ],
          "identity_schema_version": 0,
          "private": "eyJlMmJmYjczMC1lY2FhLTExZTYtOGY4OC0zNDM2M2JjN2M0YzAiOnsiY3JlYXRlIjo2MDAwMDAwMDAwMDAsImRlbGV0ZSI6NjAwMDAwMDAwMDAwLCJ1cGRhdGUiOjYwMDAwMDAwMDAwMH0sInNjaGVtYV92ZXJzaW9uIjoiMSJ9",
          "dependencies": [
            "google_service_account.todo_app_sa",
            "google_sql_database_instance.main_instance"
          ]
        }
      ]
    },
    {
      "mode": "managed",
      "type": "google_sql_user",
      "name": "users",
      "provider": "provider[\"registry.terraform.io/hashicorp/google\"]",
      "instances": [
        {
          "schema_version": 1,
          "attributes": {
            "deletion_policy": null,
            "host": "",
            "id": "todoappuser//todo-app-db-instance",
            "instance": "todo-app-db-instance",
            "name": "todoappuser",
            "password": "password123",
            "password_policy": [],
            "password_wo": null,
            "password_wo_version": null,
            "project": "smcghee-todo-p15n-38a6",
            "sql_server_user_details": [],
            "timeouts": null,
            "type": ""
          },
          "sensitive_attributes": [
            [
              {
                "type": "get_attr",
                "value": "password"
              }
            ]
          ],
          "identity_schema_version": 0,
          "private": "eyJlMmJmYjczMC1lY2FhLTExZTYtOGY4OC0zNDM2M2JjN2M0YzAiOnsiY3JlYXRlIjo2MDAwMDAwMDAwMDAsImRlbGV0ZSI6NjAwMDAwMDAwMDAwLCJ1cGRhdGUiOjYwMDAwMDAwMDAwMH0sInNjaGVtYV92ZXJzaW9uIjoiMSJ9",
          "dependencies": [
            "google_sql_database_instance.main_instance"
          ]
        }
      ]
    }
  ],
  "check_results": null
}
